// !$*UTF8*$!
{
	archiveVersion = 1;
	classes = {
	};
	objectVersion = 50;
	objects = {

/* Begin PBXBuildFile section */
		21C9E5F58A96A6CD429A1E7B /* Pods_NiconicoPresentationTests.framework in Frameworks */ = {isa = PBXBuildFile; fileRef = D5638EC76D4B51BF1F3923AF /* Pods_NiconicoPresentationTests.framework */; };
		C2B19E85D33F116598E352FF /* Pods_NiconicoPresentation.framework in Frameworks */ = {isa = PBXBuildFile; fileRef = ACD51F67F3D1FBF7E58FF2FD /* Pods_NiconicoPresentation.framework */; };
		CEA28547221AE73D00345AE1 /* AppDelegate.swift in Sources */ = {isa = PBXBuildFile; fileRef = CEA28546221AE73D00345AE1 /* AppDelegate.swift */; };
		CEA2854B221AE73F00345AE1 /* Assets.xcassets in Resources */ = {isa = PBXBuildFile; fileRef = CEA2854A221AE73F00345AE1 /* Assets.xcassets */; };
		CEA2854E221AE73F00345AE1 /* Main.storyboard in Resources */ = {isa = PBXBuildFile; fileRef = CEA2854C221AE73F00345AE1 /* Main.storyboard */; };
		CEA2855A221AE73F00345AE1 /* NiconicoPresentationTests.swift in Sources */ = {isa = PBXBuildFile; fileRef = CEA28559221AE73F00345AE1 /* NiconicoPresentationTests.swift */; };
		CEA28565221AE73F00345AE1 /* NiconicoPresentationUITests.swift in Sources */ = {isa = PBXBuildFile; fileRef = CEA28564221AE73F00345AE1 /* NiconicoPresentationUITests.swift */; };
		CEA2858B221AE9FB00345AE1 /* MenuManager.swift in Sources */ = {isa = PBXBuildFile; fileRef = CEA28582221AE9FA00345AE1 /* MenuManager.swift */; };
		CEA2858C221AE9FB00345AE1 /* SocketClient.swift in Sources */ = {isa = PBXBuildFile; fileRef = CEA28583221AE9FA00345AE1 /* SocketClient.swift */; };
		CEA2858D221AE9FB00345AE1 /* MessageManager.swift in Sources */ = {isa = PBXBuildFile; fileRef = CEA28584221AE9FA00345AE1 /* MessageManager.swift */; };
		CEA2858E221AE9FB00345AE1 /* LikeManager.swift in Sources */ = {isa = PBXBuildFile; fileRef = CEA28585221AE9FB00345AE1 /* LikeManager.swift */; };
		CEA2858F221AE9FB00345AE1 /* StatusBarManager.swift in Sources */ = {isa = PBXBuildFile; fileRef = CEA28586221AE9FB00345AE1 /* StatusBarManager.swift */; };
		CEA28590221AE9FB00345AE1 /* KeyboardEvent.swift in Sources */ = {isa = PBXBuildFile; fileRef = CEA28587221AE9FB00345AE1 /* KeyboardEvent.swift */; };
		CEA28591221AE9FB00345AE1 /* WindowManager.swift in Sources */ = {isa = PBXBuildFile; fileRef = CEA28588221AE9FB00345AE1 /* WindowManager.swift */; };
		CEA28593221AE9FB00345AE1 /* NS(Attributed)String+Geometrics.swift in Sources */ = {isa = PBXBuildFile; fileRef = CEA2858A221AE9FB00345AE1 /* NS(Attributed)String+Geometrics.swift */; };
		E7583ED16EE0A64352FB15B6 /* Pods_NiconicoPresentationUITests.framework in Frameworks */ = {isa = PBXBuildFile; fileRef = FA83785581C459E80A6A4C4B /* Pods_NiconicoPresentationUITests.framework */; };
/* End PBXBuildFile section */

/* Begin PBXContainerItemProxy section */
		CEA28556221AE73F00345AE1 /* PBXContainerItemProxy */ = {
			isa = PBXContainerItemProxy;
			containerPortal = CEA2853B221AE73D00345AE1 /* Project object */;
			proxyType = 1;
			remoteGlobalIDString = CEA28542221AE73D00345AE1;
			remoteInfo = NiconicoPresentation;
		};
		CEA28561221AE73F00345AE1 /* PBXContainerItemProxy */ = {
			isa = PBXContainerItemProxy;
			containerPortal = CEA2853B221AE73D00345AE1 /* Project object */;
			proxyType = 1;
			remoteGlobalIDString = CEA28542221AE73D00345AE1;
			remoteInfo = NiconicoPresentation;
		};
/* End PBXContainerItemProxy section */

/* Begin PBXFileReference section */
		04CD6989941AED0FBAD99FEF /* Pods-NiconicoPresentationTests.debug.xcconfig */ = {isa = PBXFileReference; includeInIndex = 1; lastKnownFileType = text.xcconfig; name = "Pods-NiconicoPresentationTests.debug.xcconfig"; path = "Pods/Target Support Files/Pods-NiconicoPresentationTests/Pods-NiconicoPresentationTests.debug.xcconfig"; sourceTree = "<group>"; };
		1E0DC7FE6C7A9C05E998DC38 /* Pods-NiconicoPresentation.release.xcconfig */ = {isa = PBXFileReference; includeInIndex = 1; lastKnownFileType = text.xcconfig; name = "Pods-NiconicoPresentation.release.xcconfig"; path = "Pods/Target Support Files/Pods-NiconicoPresentation/Pods-NiconicoPresentation.release.xcconfig"; sourceTree = "<group>"; };
		220CC4CE9D99D82464364556 /* Pods-NiconicoPresentation.debug.xcconfig */ = {isa = PBXFileReference; includeInIndex = 1; lastKnownFileType = text.xcconfig; name = "Pods-NiconicoPresentation.debug.xcconfig"; path = "Pods/Target Support Files/Pods-NiconicoPresentation/Pods-NiconicoPresentation.debug.xcconfig"; sourceTree = "<group>"; };
		34633A10026A69CA7F9A5DC3 /* Pods-NiconicoPresentationUITests.debug.xcconfig */ = {isa = PBXFileReference; includeInIndex = 1; lastKnownFileType = text.xcconfig; name = "Pods-NiconicoPresentationUITests.debug.xcconfig"; path = "Pods/Target Support Files/Pods-NiconicoPresentationUITests/Pods-NiconicoPresentationUITests.debug.xcconfig"; sourceTree = "<group>"; };
		6AB24AFB73A327D123A6A006 /* Pods-NiconicoPresentationUITests.release.xcconfig */ = {isa = PBXFileReference; includeInIndex = 1; lastKnownFileType = text.xcconfig; name = "Pods-NiconicoPresentationUITests.release.xcconfig"; path = "Pods/Target Support Files/Pods-NiconicoPresentationUITests/Pods-NiconicoPresentationUITests.release.xcconfig"; sourceTree = "<group>"; };
		ACD51F67F3D1FBF7E58FF2FD /* Pods_NiconicoPresentation.framework */ = {isa = PBXFileReference; explicitFileType = wrapper.framework; includeInIndex = 0; path = Pods_NiconicoPresentation.framework; sourceTree = BUILT_PRODUCTS_DIR; };
		B2F3A09D0CC487F5008904D5 /* Pods-NiconicoPresentationTests.release.xcconfig */ = {isa = PBXFileReference; includeInIndex = 1; lastKnownFileType = text.xcconfig; name = "Pods-NiconicoPresentationTests.release.xcconfig"; path = "Pods/Target Support Files/Pods-NiconicoPresentationTests/Pods-NiconicoPresentationTests.release.xcconfig"; sourceTree = "<group>"; };
		CEA28543221AE73D00345AE1 /* NiconicoPresentation.app */ = {isa = PBXFileReference; explicitFileType = wrapper.application; includeInIndex = 0; path = NiconicoPresentation.app; sourceTree = BUILT_PRODUCTS_DIR; };
		CEA28546221AE73D00345AE1 /* AppDelegate.swift */ = {isa = PBXFileReference; lastKnownFileType = sourcecode.swift; path = AppDelegate.swift; sourceTree = "<group>"; };
		CEA2854A221AE73F00345AE1 /* Assets.xcassets */ = {isa = PBXFileReference; lastKnownFileType = folder.assetcatalog; path = Assets.xcassets; sourceTree = "<group>"; };
		CEA2854D221AE73F00345AE1 /* Base */ = {isa = PBXFileReference; lastKnownFileType = file.storyboard; name = Base; path = Base.lproj/Main.storyboard; sourceTree = "<group>"; };
		CEA2854F221AE73F00345AE1 /* Info.plist */ = {isa = PBXFileReference; lastKnownFileType = text.plist.xml; path = Info.plist; sourceTree = "<group>"; };
		CEA28550221AE73F00345AE1 /* NiconicoPresentation.entitlements */ = {isa = PBXFileReference; lastKnownFileType = text.plist.entitlements; path = NiconicoPresentation.entitlements; sourceTree = "<group>"; };
		CEA28555221AE73F00345AE1 /* NiconicoPresentationTests.xctest */ = {isa = PBXFileReference; explicitFileType = wrapper.cfbundle; includeInIndex = 0; path = NiconicoPresentationTests.xctest; sourceTree = BUILT_PRODUCTS_DIR; };
		CEA28559221AE73F00345AE1 /* NiconicoPresentationTests.swift */ = {isa = PBXFileReference; lastKnownFileType = sourcecode.swift; path = NiconicoPresentationTests.swift; sourceTree = "<group>"; };
		CEA2855B221AE73F00345AE1 /* Info.plist */ = {isa = PBXFileReference; lastKnownFileType = text.plist.xml; path = Info.plist; sourceTree = "<group>"; };
		CEA28560221AE73F00345AE1 /* NiconicoPresentationUITests.xctest */ = {isa = PBXFileReference; explicitFileType = wrapper.cfbundle; includeInIndex = 0; path = NiconicoPresentationUITests.xctest; sourceTree = BUILT_PRODUCTS_DIR; };
		CEA28564221AE73F00345AE1 /* NiconicoPresentationUITests.swift */ = {isa = PBXFileReference; lastKnownFileType = sourcecode.swift; path = NiconicoPresentationUITests.swift; sourceTree = "<group>"; };
		CEA28566221AE73F00345AE1 /* Info.plist */ = {isa = PBXFileReference; lastKnownFileType = text.plist.xml; path = Info.plist; sourceTree = "<group>"; };
		CEA28582221AE9FA00345AE1 /* MenuManager.swift */ = {isa = PBXFileReference; fileEncoding = 4; lastKnownFileType = sourcecode.swift; path = MenuManager.swift; sourceTree = "<group>"; };
		CEA28583221AE9FA00345AE1 /* SocketClient.swift */ = {isa = PBXFileReference; fileEncoding = 4; lastKnownFileType = sourcecode.swift; path = SocketClient.swift; sourceTree = "<group>"; };
		CEA28584221AE9FA00345AE1 /* MessageManager.swift */ = {isa = PBXFileReference; fileEncoding = 4; lastKnownFileType = sourcecode.swift; path = MessageManager.swift; sourceTree = "<group>"; };
		CEA28585221AE9FB00345AE1 /* LikeManager.swift */ = {isa = PBXFileReference; fileEncoding = 4; lastKnownFileType = sourcecode.swift; path = LikeManager.swift; sourceTree = "<group>"; };
		CEA28586221AE9FB00345AE1 /* StatusBarManager.swift */ = {isa = PBXFileReference; fileEncoding = 4; lastKnownFileType = sourcecode.swift; path = StatusBarManager.swift; sourceTree = "<group>"; };
		CEA28587221AE9FB00345AE1 /* KeyboardEvent.swift */ = {isa = PBXFileReference; fileEncoding = 4; lastKnownFileType = sourcecode.swift; path = KeyboardEvent.swift; sourceTree = "<group>"; };
		CEA28588221AE9FB00345AE1 /* WindowManager.swift */ = {isa = PBXFileReference; fileEncoding = 4; lastKnownFileType = sourcecode.swift; path = WindowManager.swift; sourceTree = "<group>"; };
		CEA2858A221AE9FB00345AE1 /* NS(Attributed)String+Geometrics.swift */ = {isa = PBXFileReference; fileEncoding = 4; lastKnownFileType = sourcecode.swift; path = "NS(Attributed)String+Geometrics.swift"; sourceTree = "<group>"; };
		D5638EC76D4B51BF1F3923AF /* Pods_NiconicoPresentationTests.framework */ = {isa = PBXFileReference; explicitFileType = wrapper.framework; includeInIndex = 0; path = Pods_NiconicoPresentationTests.framework; sourceTree = BUILT_PRODUCTS_DIR; };
		FA83785581C459E80A6A4C4B /* Pods_NiconicoPresentationUITests.framework */ = {isa = PBXFileReference; explicitFileType = wrapper.framework; includeInIndex = 0; path = Pods_NiconicoPresentationUITests.framework; sourceTree = BUILT_PRODUCTS_DIR; };
/* End PBXFileReference section */

/* Begin PBXFrameworksBuildPhase section */
		CEA28540221AE73D00345AE1 /* Frameworks */ = {
			isa = PBXFrameworksBuildPhase;
			buildActionMask = 2147483647;
			files = (
				C2B19E85D33F116598E352FF /* Pods_NiconicoPresentation.framework in Frameworks */,
			);
			runOnlyForDeploymentPostprocessing = 0;
		};
		CEA28552221AE73F00345AE1 /* Frameworks */ = {
			isa = PBXFrameworksBuildPhase;
			buildActionMask = 2147483647;
			files = (
				21C9E5F58A96A6CD429A1E7B /* Pods_NiconicoPresentationTests.framework in Frameworks */,
			);
			runOnlyForDeploymentPostprocessing = 0;
		};
		CEA2855D221AE73F00345AE1 /* Frameworks */ = {
			isa = PBXFrameworksBuildPhase;
			buildActionMask = 2147483647;
			files = (
				E7583ED16EE0A64352FB15B6 /* Pods_NiconicoPresentationUITests.framework in Frameworks */,
			);
			runOnlyForDeploymentPostprocessing = 0;
		};
/* End PBXFrameworksBuildPhase section */

/* Begin PBXGroup section */
		441377197776D4E2741EE1EF /* Frameworks */ = {
			isa = PBXGroup;
			children = (
				ACD51F67F3D1FBF7E58FF2FD /* Pods_NiconicoPresentation.framework */,
				D5638EC76D4B51BF1F3923AF /* Pods_NiconicoPresentationTests.framework */,
				FA83785581C459E80A6A4C4B /* Pods_NiconicoPresentationUITests.framework */,
			);
			name = Frameworks;
			sourceTree = "<group>";
		};
		46A4ED69221BBBFE0022335C /* Events */ = {
			isa = PBXGroup;
			children = (
				CEA28587221AE9FB00345AE1 /* KeyboardEvent.swift */,
				CEA28585221AE9FB00345AE1 /* LikeManager.swift */,
				CEA28584221AE9FA00345AE1 /* MessageManager.swift */,
			);
			path = Events;
			sourceTree = "<group>";
		};
		46A4ED6A221BBC2B0022335C /* Window */ = {
			isa = PBXGroup;
			children = (
				CEA28582221AE9FA00345AE1 /* MenuManager.swift */,
				CEA28586221AE9FB00345AE1 /* StatusBarManager.swift */,
				CEA28588221AE9FB00345AE1 /* WindowManager.swift */,
			);
			path = Window;
			sourceTree = "<group>";
		};
		CEA2853A221AE73D00345AE1 = {
			isa = PBXGroup;
			children = (
				CEA28545221AE73D00345AE1 /* NiconicoPresentation */,
				CEA28558221AE73F00345AE1 /* NiconicoPresentationTests */,
				CEA28563221AE73F00345AE1 /* NiconicoPresentationUITests */,
				CEA28544221AE73D00345AE1 /* Products */,
				E68B19039EBE1FE5D0D5A85C /* Pods */,
				441377197776D4E2741EE1EF /* Frameworks */,
			);
			sourceTree = "<group>";
		};
		CEA28544221AE73D00345AE1 /* Products */ = {
			isa = PBXGroup;
			children = (
				CEA28543221AE73D00345AE1 /* NiconicoPresentation.app */,
				CEA28555221AE73F00345AE1 /* NiconicoPresentationTests.xctest */,
				CEA28560221AE73F00345AE1 /* NiconicoPresentationUITests.xctest */,
			);
			name = Products;
			sourceTree = "<group>";
		};
		CEA28545221AE73D00345AE1 /* NiconicoPresentation */ = {
			isa = PBXGroup;
			children = (
				CEA28546221AE73D00345AE1 /* AppDelegate.swift */,
				CEA2854A221AE73F00345AE1 /* Assets.xcassets */,
				CEA2854C221AE73F00345AE1 /* Main.storyboard */,
				CEA2854F221AE73F00345AE1 /* Info.plist */,
				CEA28550221AE73F00345AE1 /* NiconicoPresentation.entitlements */,
				46A4ED6A221BBC2B0022335C /* Window */,
				46A4ED69221BBBFE0022335C /* Events */,
				CEA28583221AE9FA00345AE1 /* SocketClient.swift */,
				CEA2858A221AE9FB00345AE1 /* NS(Attributed)String+Geometrics.swift */,
			);
			path = NiconicoPresentation;
			sourceTree = "<group>";
		};
		CEA28558221AE73F00345AE1 /* NiconicoPresentationTests */ = {
			isa = PBXGroup;
			children = (
				CEA28559221AE73F00345AE1 /* NiconicoPresentationTests.swift */,
				CEA2855B221AE73F00345AE1 /* Info.plist */,
			);
			path = NiconicoPresentationTests;
			sourceTree = "<group>";
		};
		CEA28563221AE73F00345AE1 /* NiconicoPresentationUITests */ = {
			isa = PBXGroup;
			children = (
				CEA28564221AE73F00345AE1 /* NiconicoPresentationUITests.swift */,
				CEA28566221AE73F00345AE1 /* Info.plist */,
			);
			path = NiconicoPresentationUITests;
			sourceTree = "<group>";
		};
		E68B19039EBE1FE5D0D5A85C /* Pods */ = {
			isa = PBXGroup;
			children = (
				220CC4CE9D99D82464364556 /* Pods-NiconicoPresentation.debug.xcconfig */,
				1E0DC7FE6C7A9C05E998DC38 /* Pods-NiconicoPresentation.release.xcconfig */,
				04CD6989941AED0FBAD99FEF /* Pods-NiconicoPresentationTests.debug.xcconfig */,
				B2F3A09D0CC487F5008904D5 /* Pods-NiconicoPresentationTests.release.xcconfig */,
				34633A10026A69CA7F9A5DC3 /* Pods-NiconicoPresentationUITests.debug.xcconfig */,
				6AB24AFB73A327D123A6A006 /* Pods-NiconicoPresentationUITests.release.xcconfig */,
			);
			name = Pods;
			sourceTree = "<group>";
		};
/* End PBXGroup section */

/* Begin PBXNativeTarget section */
		CEA28542221AE73D00345AE1 /* NiconicoPresentation */ = {
			isa = PBXNativeTarget;
			buildConfigurationList = CEA28569221AE73F00345AE1 /* Build configuration list for PBXNativeTarget "NiconicoPresentation" */;
			buildPhases = (
				46F7A616F6E4FD6BDA90884A /* [CP] Check Pods Manifest.lock */,
				CEA2853F221AE73D00345AE1 /* Sources */,
				CEA28540221AE73D00345AE1 /* Frameworks */,
				CEA28541221AE73D00345AE1 /* Resources */,
				23881CAC1E2FE6B7358334B6 /* [CP] Embed Pods Frameworks */,
			);
			buildRules = (
			);
			dependencies = (
			);
			name = NiconicoPresentation;
			productName = NiconicoPresentation;
			productReference = CEA28543221AE73D00345AE1 /* NiconicoPresentation.app */;
			productType = "com.apple.product-type.application";
		};
		CEA28554221AE73F00345AE1 /* NiconicoPresentationTests */ = {
			isa = PBXNativeTarget;
			buildConfigurationList = CEA2856C221AE73F00345AE1 /* Build configuration list for PBXNativeTarget "NiconicoPresentationTests" */;
			buildPhases = (
				BE6235F5468FC44AD893B25D /* [CP] Check Pods Manifest.lock */,
				CEA28551221AE73F00345AE1 /* Sources */,
				CEA28552221AE73F00345AE1 /* Frameworks */,
				CEA28553221AE73F00345AE1 /* Resources */,
			);
			buildRules = (
			);
			dependencies = (
				CEA28557221AE73F00345AE1 /* PBXTargetDependency */,
			);
			name = NiconicoPresentationTests;
			productName = NiconicoPresentationTests;
			productReference = CEA28555221AE73F00345AE1 /* NiconicoPresentationTests.xctest */;
			productType = "com.apple.product-type.bundle.unit-test";
		};
		CEA2855F221AE73F00345AE1 /* NiconicoPresentationUITests */ = {
			isa = PBXNativeTarget;
			buildConfigurationList = CEA2856F221AE73F00345AE1 /* Build configuration list for PBXNativeTarget "NiconicoPresentationUITests" */;
			buildPhases = (
				B79F554739FFEB0FD1B19A22 /* [CP] Check Pods Manifest.lock */,
				CEA2855C221AE73F00345AE1 /* Sources */,
				CEA2855D221AE73F00345AE1 /* Frameworks */,
				CEA2855E221AE73F00345AE1 /* Resources */,
			);
			buildRules = (
			);
			dependencies = (
				CEA28562221AE73F00345AE1 /* PBXTargetDependency */,
			);
			name = NiconicoPresentationUITests;
			productName = NiconicoPresentationUITests;
			productReference = CEA28560221AE73F00345AE1 /* NiconicoPresentationUITests.xctest */;
			productType = "com.apple.product-type.bundle.ui-testing";
		};
/* End PBXNativeTarget section */

/* Begin PBXProject section */
		CEA2853B221AE73D00345AE1 /* Project object */ = {
			isa = PBXProject;
			attributes = {
				LastSwiftUpdateCheck = 1010;
				LastUpgradeCheck = 1010;
				ORGANIZATIONNAME = bugttle;
				TargetAttributes = {
					CEA28542221AE73D00345AE1 = {
						CreatedOnToolsVersion = 10.1;
					};
					CEA28554221AE73F00345AE1 = {
						CreatedOnToolsVersion = 10.1;
						TestTargetID = CEA28542221AE73D00345AE1;
					};
					CEA2855F221AE73F00345AE1 = {
						CreatedOnToolsVersion = 10.1;
						TestTargetID = CEA28542221AE73D00345AE1;
					};
				};
			};
			buildConfigurationList = CEA2853E221AE73D00345AE1 /* Build configuration list for PBXProject "NiconicoPresentation" */;
			compatibilityVersion = "Xcode 9.3";
			developmentRegion = en;
			hasScannedForEncodings = 0;
			knownRegions = (
				en,
				Base,
			);
			mainGroup = CEA2853A221AE73D00345AE1;
			productRefGroup = CEA28544221AE73D00345AE1 /* Products */;
			projectDirPath = "";
			projectRoot = "";
			targets = (
				CEA28542221AE73D00345AE1 /* NiconicoPresentation */,
				CEA28554221AE73F00345AE1 /* NiconicoPresentationTests */,
				CEA2855F221AE73F00345AE1 /* NiconicoPresentationUITests */,
			);
		};
/* End PBXProject section */

/* Begin PBXResourcesBuildPhase section */
		CEA28541221AE73D00345AE1 /* Resources */ = {
			isa = PBXResourcesBuildPhase;
			buildActionMask = 2147483647;
			files = (
				CEA2854B221AE73F00345AE1 /* Assets.xcassets in Resources */,
				CEA2854E221AE73F00345AE1 /* Main.storyboard in Resources */,
			);
			runOnlyForDeploymentPostprocessing = 0;
		};
		CEA28553221AE73F00345AE1 /* Resources */ = {
			isa = PBXResourcesBuildPhase;
			buildActionMask = 2147483647;
			files = (
			);
			runOnlyForDeploymentPostprocessing = 0;
		};
		CEA2855E221AE73F00345AE1 /* Resources */ = {
			isa = PBXResourcesBuildPhase;
			buildActionMask = 2147483647;
			files = (
			);
			runOnlyForDeploymentPostprocessing = 0;
		};
/* End PBXResourcesBuildPhase section */

/* Begin PBXShellScriptBuildPhase section */
		23881CAC1E2FE6B7358334B6 /* [CP] Embed Pods Frameworks */ = {
			isa = PBXShellScriptBuildPhase;
			buildActionMask = 2147483647;
			files = (
			);
			inputFileListPaths = (
			);
			inputPaths = (
				"${SRCROOT}/Pods/Target Support Files/Pods-NiconicoPresentation/Pods-NiconicoPresentation-frameworks.sh",
				"${BUILT_PRODUCTS_DIR}/Socket.IO-Client-Swift/SocketIO.framework",
				"${BUILT_PRODUCTS_DIR}/Starscream/Starscream.framework",
			);
			name = "[CP] Embed Pods Frameworks";
			outputFileListPaths = (
			);
			outputPaths = (
				"${TARGET_BUILD_DIR}/${FRAMEWORKS_FOLDER_PATH}/SocketIO.framework",
				"${TARGET_BUILD_DIR}/${FRAMEWORKS_FOLDER_PATH}/Starscream.framework",
			);
			runOnlyForDeploymentPostprocessing = 0;
			shellPath = /bin/sh;
			shellScript = "\"${SRCROOT}/Pods/Target Support Files/Pods-NiconicoPresentation/Pods-NiconicoPresentation-frameworks.sh\"\n";
			showEnvVarsInLog = 0;
		};
		46F7A616F6E4FD6BDA90884A /* [CP] Check Pods Manifest.lock */ = {
			isa = PBXShellScriptBuildPhase;
			buildActionMask = 2147483647;
			files = (
			);
			inputFileListPaths = (
			);
			inputPaths = (
				"${PODS_PODFILE_DIR_PATH}/Podfile.lock",
				"${PODS_ROOT}/Manifest.lock",
			);
			name = "[CP] Check Pods Manifest.lock";
			outputFileListPaths = (
			);
			outputPaths = (
				"$(DERIVED_FILE_DIR)/Pods-NiconicoPresentation-checkManifestLockResult.txt",
			);
			runOnlyForDeploymentPostprocessing = 0;
			shellPath = /bin/sh;
			shellScript = "diff \"${PODS_PODFILE_DIR_PATH}/Podfile.lock\" \"${PODS_ROOT}/Manifest.lock\" > /dev/null\nif [ $? != 0 ] ; then\n    # print error to STDERR\n    echo \"error: The sandbox is not in sync with the Podfile.lock. Run 'pod install' or update your CocoaPods installation.\" >&2\n    exit 1\nfi\n# This output is used by Xcode 'outputs' to avoid re-running this script phase.\necho \"SUCCESS\" > \"${SCRIPT_OUTPUT_FILE_0}\"\n";
			showEnvVarsInLog = 0;
		};
		B79F554739FFEB0FD1B19A22 /* [CP] Check Pods Manifest.lock */ = {
			isa = PBXShellScriptBuildPhase;
			buildActionMask = 2147483647;
			files = (
			);
			inputFileListPaths = (
			);
			inputPaths = (
				"${PODS_PODFILE_DIR_PATH}/Podfile.lock",
				"${PODS_ROOT}/Manifest.lock",
			);
			name = "[CP] Check Pods Manifest.lock";
			outputFileListPaths = (
			);
			outputPaths = (
				"$(DERIVED_FILE_DIR)/Pods-NiconicoPresentationUITests-checkManifestLockResult.txt",
			);
			runOnlyForDeploymentPostprocessing = 0;
			shellPath = /bin/sh;
			shellScript = "diff \"${PODS_PODFILE_DIR_PATH}/Podfile.lock\" \"${PODS_ROOT}/Manifest.lock\" > /dev/null\nif [ $? != 0 ] ; then\n    # print error to STDERR\n    echo \"error: The sandbox is not in sync with the Podfile.lock. Run 'pod install' or update your CocoaPods installation.\" >&2\n    exit 1\nfi\n# This output is used by Xcode 'outputs' to avoid re-running this script phase.\necho \"SUCCESS\" > \"${SCRIPT_OUTPUT_FILE_0}\"\n";
			showEnvVarsInLog = 0;
		};
		BE6235F5468FC44AD893B25D /* [CP] Check Pods Manifest.lock */ = {
			isa = PBXShellScriptBuildPhase;
			buildActionMask = 2147483647;
			files = (
			);
			inputFileListPaths = (
			);
			inputPaths = (
				"${PODS_PODFILE_DIR_PATH}/Podfile.lock",
				"${PODS_ROOT}/Manifest.lock",
			);
			name = "[CP] Check Pods Manifest.lock";
			outputFileListPaths = (
			);
			outputPaths = (
				"$(DERIVED_FILE_DIR)/Pods-NiconicoPresentationTests-checkManifestLockResult.txt",
			);
			runOnlyForDeploymentPostprocessing = 0;
			shellPath = /bin/sh;
			shellScript = "diff \"${PODS_PODFILE_DIR_PATH}/Podfile.lock\" \"${PODS_ROOT}/Manifest.lock\" > /dev/null\nif [ $? != 0 ] ; then\n    # print error to STDERR\n    echo \"error: The sandbox is not in sync with the Podfile.lock. Run 'pod install' or update your CocoaPods installation.\" >&2\n    exit 1\nfi\n# This output is used by Xcode 'outputs' to avoid re-running this script phase.\necho \"SUCCESS\" > \"${SCRIPT_OUTPUT_FILE_0}\"\n";
			showEnvVarsInLog = 0;
		};
/* End PBXShellScriptBuildPhase section */

/* Begin PBXSourcesBuildPhase section */
		CEA2853F221AE73D00345AE1 /* Sources */ = {
			isa = PBXSourcesBuildPhase;
			buildActionMask = 2147483647;
			files = (
				CEA28593221AE9FB00345AE1 /* NS(Attributed)String+Geometrics.swift in Sources */,
				CEA2858B221AE9FB00345AE1 /* MenuManager.swift in Sources */,
				CEA28590221AE9FB00345AE1 /* KeyboardEvent.swift in Sources */,
				CEA2858C221AE9FB00345AE1 /* SocketClient.swift in Sources */,
				CEA2858E221AE9FB00345AE1 /* LikeManager.swift in Sources */,
				CEA2858F221AE9FB00345AE1 /* StatusBarManager.swift in Sources */,
				CEA28591221AE9FB00345AE1 /* WindowManager.swift in Sources */,
				CEA2858D221AE9FB00345AE1 /* MessageManager.swift in Sources */,
				CEA28547221AE73D00345AE1 /* AppDelegate.swift in Sources */,
			);
			runOnlyForDeploymentPostprocessing = 0;
		};
		CEA28551221AE73F00345AE1 /* Sources */ = {
			isa = PBXSourcesBuildPhase;
			buildActionMask = 2147483647;
			files = (
				CEA2855A221AE73F00345AE1 /* NiconicoPresentationTests.swift in Sources */,
			);
			runOnlyForDeploymentPostprocessing = 0;
		};
		CEA2855C221AE73F00345AE1 /* Sources */ = {
			isa = PBXSourcesBuildPhase;
			buildActionMask = 2147483647;
			files = (
				CEA28565221AE73F00345AE1 /* NiconicoPresentationUITests.swift in Sources */,
			);
			runOnlyForDeploymentPostprocessing = 0;
		};
/* End PBXSourcesBuildPhase section */

/* Begin PBXTargetDependency section */
		CEA28557221AE73F00345AE1 /* PBXTargetDependency */ = {
			isa = PBXTargetDependency;
			target = CEA28542221AE73D00345AE1 /* NiconicoPresentation */;
			targetProxy = CEA28556221AE73F00345AE1 /* PBXContainerItemProxy */;
		};
		CEA28562221AE73F00345AE1 /* PBXTargetDependency */ = {
			isa = PBXTargetDependency;
			target = CEA28542221AE73D00345AE1 /* NiconicoPresentation */;
			targetProxy = CEA28561221AE73F00345AE1 /* PBXContainerItemProxy */;
		};
/* End PBXTargetDependency section */

/* Begin PBXVariantGroup section */
		CEA2854C221AE73F00345AE1 /* Main.storyboard */ = {
			isa = PBXVariantGroup;
			children = (
				CEA2854D221AE73F00345AE1 /* Base */,
			);
			name = Main.storyboard;
			sourceTree = "<group>";
		};
/* End PBXVariantGroup section */

/* Begin XCBuildConfiguration section */
		CEA28567221AE73F00345AE1 /* Debug */ = {
			isa = XCBuildConfiguration;
			buildSettings = {
				ALWAYS_SEARCH_USER_PATHS = NO;
				CLANG_ANALYZER_NONNULL = YES;
				CLANG_ANALYZER_NUMBER_OBJECT_CONVERSION = YES_AGGRESSIVE;
				CLANG_CXX_LANGUAGE_STANDARD = "gnu++14";
				CLANG_CXX_LIBRARY = "libc++";
				CLANG_ENABLE_MODULES = YES;
				CLANG_ENABLE_OBJC_ARC = YES;
				CLANG_ENABLE_OBJC_WEAK = YES;
				CLANG_WARN_BLOCK_CAPTURE_AUTORELEASING = YES;
				CLANG_WARN_BOOL_CONVERSION = YES;
				CLANG_WARN_COMMA = YES;
				CLANG_WARN_CONSTANT_CONVERSION = YES;
				CLANG_WARN_DEPRECATED_OBJC_IMPLEMENTATIONS = YES;
				CLANG_WARN_DIRECT_OBJC_ISA_USAGE = YES_ERROR;
				CLANG_WARN_DOCUMENTATION_COMMENTS = YES;
				CLANG_WARN_EMPTY_BODY = YES;
				CLANG_WARN_ENUM_CONVERSION = YES;
				CLANG_WARN_INFINITE_RECURSION = YES;
				CLANG_WARN_INT_CONVERSION = YES;
				CLANG_WARN_NON_LITERAL_NULL_CONVERSION = YES;
				CLANG_WARN_OBJC_IMPLICIT_RETAIN_SELF = YES;
				CLANG_WARN_OBJC_LITERAL_CONVERSION = YES;
				CLANG_WARN_OBJC_ROOT_CLASS = YES_ERROR;
				CLANG_WARN_RANGE_LOOP_ANALYSIS = YES;
				CLANG_WARN_STRICT_PROTOTYPES = YES;
				CLANG_WARN_SUSPICIOUS_MOVE = YES;
				CLANG_WARN_UNGUARDED_AVAILABILITY = YES_AGGRESSIVE;
				CLANG_WARN_UNREACHABLE_CODE = YES;
				CLANG_WARN__DUPLICATE_METHOD_MATCH = YES;
				CODE_SIGN_IDENTITY = "Mac Developer";
				COPY_PHASE_STRIP = NO;
				DEBUG_INFORMATION_FORMAT = dwarf;
				ENABLE_STRICT_OBJC_MSGSEND = YES;
				ENABLE_TESTABILITY = YES;
				GCC_C_LANGUAGE_STANDARD = gnu11;
				GCC_DYNAMIC_NO_PIC = NO;
				GCC_NO_COMMON_BLOCKS = YES;
				GCC_OPTIMIZATION_LEVEL = 0;
				GCC_PREPROCESSOR_DEFINITIONS = (
					"DEBUG=1",
					"$(inherited)",
				);
				GCC_WARN_64_TO_32_BIT_CONVERSION = YES;
				GCC_WARN_ABOUT_RETURN_TYPE = YES_ERROR;
				GCC_WARN_UNDECLARED_SELECTOR = YES;
				GCC_WARN_UNINITIALIZED_AUTOS = YES_AGGRESSIVE;
				GCC_WARN_UNUSED_FUNCTION = YES;
				GCC_WARN_UNUSED_VARIABLE = YES;
				MACOSX_DEPLOYMENT_TARGET = 10.14;
				MTL_ENABLE_DEBUG_INFO = INCLUDE_SOURCE;
				MTL_FAST_MATH = YES;
				ONLY_ACTIVE_ARCH = YES;
				SDKROOT = macosx;
				SWIFT_ACTIVE_COMPILATION_CONDITIONS = DEBUG;
				SWIFT_OPTIMIZATION_LEVEL = "-Onone";
			};
			name = Debug;
		};
		CEA28568221AE73F00345AE1 /* Release */ = {
			isa = XCBuildConfiguration;
			buildSettings = {
				ALWAYS_SEARCH_USER_PATHS = NO;
				CLANG_ANALYZER_NONNULL = YES;
				CLANG_ANALYZER_NUMBER_OBJECT_CONVERSION = YES_AGGRESSIVE;
				CLANG_CXX_LANGUAGE_STANDARD = "gnu++14";
				CLANG_CXX_LIBRARY = "libc++";
				CLANG_ENABLE_MODULES = YES;
				CLANG_ENABLE_OBJC_ARC = YES;
				CLANG_ENABLE_OBJC_WEAK = YES;
				CLANG_WARN_BLOCK_CAPTURE_AUTORELEASING = YES;
				CLANG_WARN_BOOL_CONVERSION = YES;
				CLANG_WARN_COMMA = YES;
				CLANG_WARN_CONSTANT_CONVERSION = YES;
				CLANG_WARN_DEPRECATED_OBJC_IMPLEMENTATIONS = YES;
				CLANG_WARN_DIRECT_OBJC_ISA_USAGE = YES_ERROR;
				CLANG_WARN_DOCUMENTATION_COMMENTS = YES;
				CLANG_WARN_EMPTY_BODY = YES;
				CLANG_WARN_ENUM_CONVERSION = YES;
				CLANG_WARN_INFINITE_RECURSION = YES;
				CLANG_WARN_INT_CONVERSION = YES;
				CLANG_WARN_NON_LITERAL_NULL_CONVERSION = YES;
				CLANG_WARN_OBJC_IMPLICIT_RETAIN_SELF = YES;
				CLANG_WARN_OBJC_LITERAL_CONVERSION = YES;
				CLANG_WARN_OBJC_ROOT_CLASS = YES_ERROR;
				CLANG_WARN_RANGE_LOOP_ANALYSIS = YES;
				CLANG_WARN_STRICT_PROTOTYPES = YES;
				CLANG_WARN_SUSPICIOUS_MOVE = YES;
				CLANG_WARN_UNGUARDED_AVAILABILITY = YES_AGGRESSIVE;
				CLANG_WARN_UNREACHABLE_CODE = YES;
				CLANG_WARN__DUPLICATE_METHOD_MATCH = YES;
				CODE_SIGN_IDENTITY = "Mac Developer";
				COPY_PHASE_STRIP = NO;
				DEBUG_INFORMATION_FORMAT = "dwarf-with-dsym";
				ENABLE_NS_ASSERTIONS = NO;
				ENABLE_STRICT_OBJC_MSGSEND = YES;
				GCC_C_LANGUAGE_STANDARD = gnu11;
				GCC_NO_COMMON_BLOCKS = YES;
				GCC_WARN_64_TO_32_BIT_CONVERSION = YES;
				GCC_WARN_ABOUT_RETURN_TYPE = YES_ERROR;
				GCC_WARN_UNDECLARED_SELECTOR = YES;
				GCC_WARN_UNINITIALIZED_AUTOS = YES_AGGRESSIVE;
				GCC_WARN_UNUSED_FUNCTION = YES;
				GCC_WARN_UNUSED_VARIABLE = YES;
				MACOSX_DEPLOYMENT_TARGET = 10.14;
				MTL_ENABLE_DEBUG_INFO = NO;
				MTL_FAST_MATH = YES;
				SDKROOT = macosx;
				SWIFT_COMPILATION_MODE = wholemodule;
				SWIFT_OPTIMIZATION_LEVEL = "-O";
			};
			name = Release;
		};
		CEA2856A221AE73F00345AE1 /* Debug */ = {
			isa = XCBuildConfiguration;
			baseConfigurationReference = 220CC4CE9D99D82464364556 /* Pods-NiconicoPresentation.debug.xcconfig */;
			buildSettings = {
				ASSETCATALOG_COMPILER_APPICON_NAME = AppIcon;
				CODE_SIGN_ENTITLEMENTS = NiconicoPresentation/NiconicoPresentation.entitlements;
				CODE_SIGN_IDENTITY = "Mac Developer";
				CODE_SIGN_STYLE = Automatic;
				COMBINE_HIDPI_IMAGES = YES;
				DEVELOPMENT_TEAM = 5C8E2YMVWW;
				INFOPLIST_FILE = NiconicoPresentation/Info.plist;
				LD_RUNPATH_SEARCH_PATHS = (
					"$(inherited)",
					"@executable_path/../Frameworks",
				);
				MACOSX_DEPLOYMENT_TARGET = 10.10;
				PRODUCT_BUNDLE_IDENTIFIER = com.blogspot.bugttle.apps.NiconicoPresentation;
				PRODUCT_NAME = "$(TARGET_NAME)";
				PROVISIONING_PROFILE_SPECIFIER = "";
				SWIFT_VERSION = 4.2;
			};
			name = Debug;
		};
		CEA2856B221AE73F00345AE1 /* Release */ = {
			isa = XCBuildConfiguration;
			baseConfigurationReference = 1E0DC7FE6C7A9C05E998DC38 /* Pods-NiconicoPresentation.release.xcconfig */;
			buildSettings = {
				ASSETCATALOG_COMPILER_APPICON_NAME = AppIcon;
				CODE_SIGN_ENTITLEMENTS = NiconicoPresentation/NiconicoPresentation.entitlements;
				CODE_SIGN_IDENTITY = "Mac Developer";
				CODE_SIGN_STYLE = Automatic;
				COMBINE_HIDPI_IMAGES = YES;
				DEVELOPMENT_TEAM = 5C8E2YMVWW;
				INFOPLIST_FILE = NiconicoPresentation/Info.plist;
				LD_RUNPATH_SEARCH_PATHS = (
					"$(inherited)",
					"@executable_path/../Frameworks",
				);
				MACOSX_DEPLOYMENT_TARGET = 10.10;
				PRODUCT_BUNDLE_IDENTIFIER = com.blogspot.bugttle.apps.NiconicoPresentation;
				PRODUCT_NAME = "$(TARGET_NAME)";
				PROVISIONING_PROFILE_SPECIFIER = "";
				SWIFT_VERSION = 4.2;
			};
			name = Release;
		};
		CEA2856D221AE73F00345AE1 /* Debug */ = {
			isa = XCBuildConfiguration;
			baseConfigurationReference = 04CD6989941AED0FBAD99FEF /* Pods-NiconicoPresentationTests.debug.xcconfig */;
			buildSettings = {
				ALWAYS_EMBED_SWIFT_STANDARD_LIBRARIES = YES;
				BUNDLE_LOADER = "$(TEST_HOST)";
				CODE_SIGN_STYLE = Automatic;
				COMBINE_HIDPI_IMAGES = YES;
				DEVELOPMENT_TEAM = 5C8E2YMVWW;
				INFOPLIST_FILE = NiconicoPresentationTests/Info.plist;
				LD_RUNPATH_SEARCH_PATHS = (
					"$(inherited)",
					"@executable_path/../Frameworks",
					"@loader_path/../Frameworks",
				);
				PRODUCT_BUNDLE_IDENTIFIER = com.blogspot.bugttle.apps.NiconicoPresentationTests;
				PRODUCT_NAME = "$(TARGET_NAME)";
				SWIFT_VERSION = 4.2;
				TEST_HOST = "$(BUILT_PRODUCTS_DIR)/NiconicoPresentation.app/Contents/MacOS/NiconicoPresentation";
			};
			name = Debug;
		};
		CEA2856E221AE73F00345AE1 /* Release */ = {
			isa = XCBuildConfiguration;
			baseConfigurationReference = B2F3A09D0CC487F5008904D5 /* Pods-NiconicoPresentationTests.release.xcconfig */;
			buildSettings = {
				ALWAYS_EMBED_SWIFT_STANDARD_LIBRARIES = YES;
				BUNDLE_LOADER = "$(TEST_HOST)";
				CODE_SIGN_STYLE = Automatic;
				COMBINE_HIDPI_IMAGES = YES;
				DEVELOPMENT_TEAM = 5C8E2YMVWW;
				INFOPLIST_FILE = NiconicoPresentationTests/Info.plist;
				LD_RUNPATH_SEARCH_PATHS = (
					"$(inherited)",
					"@executable_path/../Frameworks",
					"@loader_path/../Frameworks",
				);
				PRODUCT_BUNDLE_IDENTIFIER = com.blogspot.bugttle.apps.NiconicoPresentationTests;
				PRODUCT_NAME = "$(TARGET_NAME)";
				SWIFT_VERSION = 4.2;
				TEST_HOST = "$(BUILT_PRODUCTS_DIR)/NiconicoPresentation.app/Contents/MacOS/NiconicoPresentation";
			};
			name = Release;
		};
		CEA28570221AE73F00345AE1 /* Debug */ = {
			isa = XCBuildConfiguration;
			baseConfigurationReference = 34633A10026A69CA7F9A5DC3 /* Pods-NiconicoPresentationUITests.debug.xcconfig */;
			buildSettings = {
				ALWAYS_EMBED_SWIFT_STANDARD_LIBRARIES = YES;
				CODE_SIGN_STYLE = Automatic;
				COMBINE_HIDPI_IMAGES = YES;
				DEVELOPMENT_TEAM = 5C8E2YMVWW;
				INFOPLIST_FILE = NiconicoPresentationUITests/Info.plist;
				LD_RUNPATH_SEARCH_PATHS = (
					"$(inherited)",
					"@executable_path/../Frameworks",
					"@loader_path/../Frameworks",
				);
				PRODUCT_BUNDLE_IDENTIFIER = com.blogspot.bugttle.apps.NiconicoPresentationUITests;
				PRODUCT_NAME = "$(TARGET_NAME)";
				SWIFT_VERSION = 4.2;
				TEST_TARGET_NAME = NiconicoPresentation;
			};
			name = Debug;
		};
		CEA28571221AE73F00345AE1 /* Release */ = {
			isa = XCBuildConfiguration;
			baseConfigurationReference = 6AB24AFB73A327D123A6A006 /* Pods-NiconicoPresentationUITests.release.xcconfig */;
			buildSettings = {
				ALWAYS_EMBED_SWIFT_STANDARD_LIBRARIES = YES;
				CODE_SIGN_STYLE = Automatic;
				COMBINE_HIDPI_IMAGES = YES;
				DEVELOPMENT_TEAM = 5C8E2YMVWW;
				INFOPLIST_FILE = NiconicoPresentationUITests/Info.plist;
				LD_RUNPATH_SEARCH_PATHS = (
					"$(inherited)",
					"@executable_path/../Frameworks",
					"@loader_path/../Frameworks",
				);
				PRODUCT_BUNDLE_IDENTIFIER = com.blogspot.bugttle.apps.NiconicoPresentationUITests;
				PRODUCT_NAME = "$(TARGET_NAME)";
				SWIFT_VERSION = 4.2;
				TEST_TARGET_NAME = NiconicoPresentation;
			};
			name = Release;
		};
/* End XCBuildConfiguration section */

/* Begin XCConfigurationList section */
		CEA2853E221AE73D00345AE1 /* Build configuration list for PBXProject "NiconicoPresentation" */ = {
			isa = XCConfigurationList;
			buildConfigurations = (
				CEA28567221AE73F00345AE1 /* Debug */,
				CEA28568221AE73F00345AE1 /* Release */,
			);
			defaultConfigurationIsVisible = 0;
			defaultConfigurationName = Release;
		};
		CEA28569221AE73F00345AE1 /* Build configuration list for PBXNativeTarget "NiconicoPresentation" */ = {
			isa = XCConfigurationList;
			buildConfigurations = (
				CEA2856A221AE73F00345AE1 /* Debug */,
				CEA2856B221AE73F00345AE1 /* Release */,
			);
			defaultConfigurationIsVisible = 0;
			defaultConfigurationName = Release;
		};
		CEA2856C221AE73F00345AE1 /* Build configuration list for PBXNativeTarget "NiconicoPresentationTests" */ = {
			isa = XCConfigurationList;
			buildConfigurations = (
				CEA2856D221AE73F00345AE1 /* Debug */,
				CEA2856E221AE73F00345AE1 /* Release */,
			);
			defaultConfigurationIsVisible = 0;
			defaultConfigurationName = Release;
		};
		CEA2856F221AE73F00345AE1 /* Build configuration list for PBXNativeTarget "NiconicoPresentationUITests" */ = {
			isa = XCConfigurationList;
			buildConfigurations = (
				CEA28570221AE73F00345AE1 /* Debug */,
				CEA28571221AE73F00345AE1 /* Release */,
			);
			defaultConfigurationIsVisible = 0;
			defaultConfigurationName = Release;
		};
/* End XCConfigurationList section */
	};
	rootObject = CEA2853B221AE73D00345AE1 /* Project object */;
}
