// !$*UTF8*$!
{
	archiveVersion = 1;
	classes = {
	};
	objectVersion = 50;
	objects = {

/* Begin PBXBuildFile section */
		00D913CFD5765012A07E7715 /* Pods_NiconicoPresentationPlayerTests.framework in Frameworks */ = {isa = PBXBuildFile; fileRef = EA947A854106A2A59A67798D /* Pods_NiconicoPresentationPlayerTests.framework */; };
		46A4EDB0221BC4CC0022335C /* AppDelegate.swift in Sources */ = {isa = PBXBuildFile; fileRef = 46A4EDAF221BC4CC0022335C /* AppDelegate.swift */; };
		46A4EDB4221BC4CD0022335C /* Assets.xcassets in Resources */ = {isa = PBXBuildFile; fileRef = 46A4EDB3221BC4CD0022335C /* Assets.xcassets */; };
		46A4EDB7221BC4CD0022335C /* Main.storyboard in Resources */ = {isa = PBXBuildFile; fileRef = 46A4EDB5221BC4CD0022335C /* Main.storyboard */; };
		46A4EDC3221BC4CD0022335C /* NiconicoPresentationPlayerTests.swift in Sources */ = {isa = PBXBuildFile; fileRef = 46A4EDC2221BC4CD0022335C /* NiconicoPresentationPlayerTests.swift */; };
		46A4EDD3221BC7D30022335C /* NS(Attributed)String+Geometrics.swift in Sources */ = {isa = PBXBuildFile; fileRef = 46A4EDD1221BC7D30022335C /* NS(Attributed)String+Geometrics.swift */; };
		46A4EDD4221BC7D30022335C /* SocketClient.swift in Sources */ = {isa = PBXBuildFile; fileRef = 46A4EDD2221BC7D30022335C /* SocketClient.swift */; };
		46A4EDDA221BC7E40022335C /* StatusBarManager.swift in Sources */ = {isa = PBXBuildFile; fileRef = 46A4EDD7221BC7E40022335C /* StatusBarManager.swift */; };
		46A4EDDB221BC7E40022335C /* MenuManager.swift in Sources */ = {isa = PBXBuildFile; fileRef = 46A4EDD8221BC7E40022335C /* MenuManager.swift */; };
		46A4EDE0221BC7F10022335C /* LikeManager.swift in Sources */ = {isa = PBXBuildFile; fileRef = 46A4EDDD221BC7F10022335C /* LikeManager.swift */; };
		46A4EDE1221BC7F10022335C /* MessageManager.swift in Sources */ = {isa = PBXBuildFile; fileRef = 46A4EDDE221BC7F10022335C /* MessageManager.swift */; };
		46A4EDE2221BC7F10022335C /* KeyboardEvent.swift in Sources */ = {isa = PBXBuildFile; fileRef = 46A4EDDF221BC7F10022335C /* KeyboardEvent.swift */; };
		97C738A5DD08BFF3A13EDC1E /* Pods_NiconicoPresentationPlayer.framework in Frameworks */ = {isa = PBXBuildFile; fileRef = 8E03F9CF86ED2DB94CD7D005 /* Pods_NiconicoPresentationPlayer.framework */; };
		CEE7D0EA221EDE5800469A9F /* PlayerWindowController.swift in Sources */ = {isa = PBXBuildFile; fileRef = CEE7D0E9221EDE5800469A9F /* PlayerWindowController.swift */; };
		CEE7D0EC221F06DD00469A9F /* NSScreen+DisplayName.swift in Sources */ = {isa = PBXBuildFile; fileRef = CEE7D0EB221F06DD00469A9F /* NSScreen+DisplayName.swift */; };
/* End PBXBuildFile section */

/* Begin PBXContainerItemProxy section */
		46A4EDBF221BC4CD0022335C /* PBXContainerItemProxy */ = {
			isa = PBXContainerItemProxy;
			containerPortal = 46A4EDA4221BC4CC0022335C /* Project object */;
			proxyType = 1;
			remoteGlobalIDString = 46A4EDAB221BC4CC0022335C;
			remoteInfo = NiconicoPresentationPlayer;
		};
/* End PBXContainerItemProxy section */

/* Begin PBXFileReference section */
		377193BEF68E6F2115882A4F /* Pods-NiconicoPresentationPlayerTests.debug.xcconfig */ = {isa = PBXFileReference; includeInIndex = 1; lastKnownFileType = text.xcconfig; name = "Pods-NiconicoPresentationPlayerTests.debug.xcconfig"; path = "Pods/Target Support Files/Pods-NiconicoPresentationPlayerTests/Pods-NiconicoPresentationPlayerTests.debug.xcconfig"; sourceTree = "<group>"; };
		426767AB23F96118238F6FA9 /* Pods-NiconicoPresentationPlayer.release.xcconfig */ = {isa = PBXFileReference; includeInIndex = 1; lastKnownFileType = text.xcconfig; name = "Pods-NiconicoPresentationPlayer.release.xcconfig"; path = "Pods/Target Support Files/Pods-NiconicoPresentationPlayer/Pods-NiconicoPresentationPlayer.release.xcconfig"; sourceTree = "<group>"; };
		46A4EDAC221BC4CC0022335C /* NiconicoPresentationPlayer.app */ = {isa = PBXFileReference; explicitFileType = wrapper.application; includeInIndex = 0; path = NiconicoPresentationPlayer.app; sourceTree = BUILT_PRODUCTS_DIR; };
		46A4EDAF221BC4CC0022335C /* AppDelegate.swift */ = {isa = PBXFileReference; lastKnownFileType = sourcecode.swift; path = AppDelegate.swift; sourceTree = "<group>"; };
		46A4EDB3221BC4CD0022335C /* Assets.xcassets */ = {isa = PBXFileReference; lastKnownFileType = folder.assetcatalog; path = Assets.xcassets; sourceTree = "<group>"; };
		46A4EDB6221BC4CD0022335C /* Base */ = {isa = PBXFileReference; lastKnownFileType = file.storyboard; name = Base; path = Base.lproj/Main.storyboard; sourceTree = "<group>"; };
		46A4EDB8221BC4CD0022335C /* Info.plist */ = {isa = PBXFileReference; lastKnownFileType = text.plist.xml; path = Info.plist; sourceTree = "<group>"; };
		46A4EDB9221BC4CD0022335C /* NiconicoPresentationPlayer.entitlements */ = {isa = PBXFileReference; lastKnownFileType = text.plist.entitlements; path = NiconicoPresentationPlayer.entitlements; sourceTree = "<group>"; };
		46A4EDBE221BC4CD0022335C /* NiconicoPresentationPlayerTests.xctest */ = {isa = PBXFileReference; explicitFileType = wrapper.cfbundle; includeInIndex = 0; path = NiconicoPresentationPlayerTests.xctest; sourceTree = BUILT_PRODUCTS_DIR; };
		46A4EDC2221BC4CD0022335C /* NiconicoPresentationPlayerTests.swift */ = {isa = PBXFileReference; lastKnownFileType = sourcecode.swift; path = NiconicoPresentationPlayerTests.swift; sourceTree = "<group>"; };
		46A4EDC4221BC4CD0022335C /* Info.plist */ = {isa = PBXFileReference; lastKnownFileType = text.plist.xml; path = Info.plist; sourceTree = "<group>"; };
		46A4EDD1221BC7D30022335C /* NS(Attributed)String+Geometrics.swift */ = {isa = PBXFileReference; fileEncoding = 4; lastKnownFileType = sourcecode.swift; path = "NS(Attributed)String+Geometrics.swift"; sourceTree = "<group>"; };
		46A4EDD2221BC7D30022335C /* SocketClient.swift */ = {isa = PBXFileReference; fileEncoding = 4; lastKnownFileType = sourcecode.swift; path = SocketClient.swift; sourceTree = "<group>"; };
		46A4EDD7221BC7E40022335C /* StatusBarManager.swift */ = {isa = PBXFileReference; fileEncoding = 4; lastKnownFileType = sourcecode.swift; path = StatusBarManager.swift; sourceTree = "<group>"; };
		46A4EDD8221BC7E40022335C /* MenuManager.swift */ = {isa = PBXFileReference; fileEncoding = 4; lastKnownFileType = sourcecode.swift; path = MenuManager.swift; sourceTree = "<group>"; };
		46A4EDDD221BC7F10022335C /* LikeManager.swift */ = {isa = PBXFileReference; fileEncoding = 4; lastKnownFileType = sourcecode.swift; path = LikeManager.swift; sourceTree = "<group>"; };
		46A4EDDE221BC7F10022335C /* MessageManager.swift */ = {isa = PBXFileReference; fileEncoding = 4; lastKnownFileType = sourcecode.swift; path = MessageManager.swift; sourceTree = "<group>"; };
		46A4EDDF221BC7F10022335C /* KeyboardEvent.swift */ = {isa = PBXFileReference; fileEncoding = 4; lastKnownFileType = sourcecode.swift; path = KeyboardEvent.swift; sourceTree = "<group>"; };
		8E03F9CF86ED2DB94CD7D005 /* Pods_NiconicoPresentationPlayer.framework */ = {isa = PBXFileReference; explicitFileType = wrapper.framework; includeInIndex = 0; path = Pods_NiconicoPresentationPlayer.framework; sourceTree = BUILT_PRODUCTS_DIR; };
		C65B459DAB9C380E61928D7B /* Pods-NiconicoPresentationPlayer.debug.xcconfig */ = {isa = PBXFileReference; includeInIndex = 1; lastKnownFileType = text.xcconfig; name = "Pods-NiconicoPresentationPlayer.debug.xcconfig"; path = "Pods/Target Support Files/Pods-NiconicoPresentationPlayer/Pods-NiconicoPresentationPlayer.debug.xcconfig"; sourceTree = "<group>"; };
		CC2DE3C3D838B5063367B6C8 /* Pods-NiconicoPresentationPlayerTests.release.xcconfig */ = {isa = PBXFileReference; includeInIndex = 1; lastKnownFileType = text.xcconfig; name = "Pods-NiconicoPresentationPlayerTests.release.xcconfig"; path = "Pods/Target Support Files/Pods-NiconicoPresentationPlayerTests/Pods-NiconicoPresentationPlayerTests.release.xcconfig"; sourceTree = "<group>"; };
		CEE7D0E9221EDE5800469A9F /* PlayerWindowController.swift */ = {isa = PBXFileReference; lastKnownFileType = sourcecode.swift; path = PlayerWindowController.swift; sourceTree = "<group>"; };
		CEE7D0EB221F06DD00469A9F /* NSScreen+DisplayName.swift */ = {isa = PBXFileReference; lastKnownFileType = sourcecode.swift; path = "NSScreen+DisplayName.swift"; sourceTree = "<group>"; };
		EA947A854106A2A59A67798D /* Pods_NiconicoPresentationPlayerTests.framework */ = {isa = PBXFileReference; explicitFileType = wrapper.framework; includeInIndex = 0; path = Pods_NiconicoPresentationPlayerTests.framework; sourceTree = BUILT_PRODUCTS_DIR; };
/* End PBXFileReference section */

/* Begin PBXFrameworksBuildPhase section */
		46A4EDA9221BC4CC0022335C /* Frameworks */ = {
			isa = PBXFrameworksBuildPhase;
			buildActionMask = 2147483647;
			files = (
				97C738A5DD08BFF3A13EDC1E /* Pods_NiconicoPresentationPlayer.framework in Frameworks */,
			);
			runOnlyForDeploymentPostprocessing = 0;
		};
		46A4EDBB221BC4CD0022335C /* Frameworks */ = {
			isa = PBXFrameworksBuildPhase;
			buildActionMask = 2147483647;
			files = (
				00D913CFD5765012A07E7715 /* Pods_NiconicoPresentationPlayerTests.framework in Frameworks */,
			);
			runOnlyForDeploymentPostprocessing = 0;
		};
/* End PBXFrameworksBuildPhase section */

/* Begin PBXGroup section */
		46A4EDA3221BC4CC0022335C = {
			isa = PBXGroup;
			children = (
				46A4EDAE221BC4CC0022335C /* NiconicoPresentationPlayer */,
				46A4EDC1221BC4CD0022335C /* NiconicoPresentationPlayerTests */,
				46A4EDAD221BC4CC0022335C /* Products */,
				5889E5A36FAE320121A5272F /* Pods */,
				EC776EE9A33595F14FD0C2F0 /* Frameworks */,
			);
			sourceTree = "<group>";
		};
		46A4EDAD221BC4CC0022335C /* Products */ = {
			isa = PBXGroup;
			children = (
				46A4EDAC221BC4CC0022335C /* NiconicoPresentationPlayer.app */,
				46A4EDBE221BC4CD0022335C /* NiconicoPresentationPlayerTests.xctest */,
			);
			name = Products;
			sourceTree = "<group>";
		};
		46A4EDAE221BC4CC0022335C /* NiconicoPresentationPlayer */ = {
			isa = PBXGroup;
			children = (
				46A4EDAF221BC4CC0022335C /* AppDelegate.swift */,
				46A4EDB3221BC4CD0022335C /* Assets.xcassets */,
				46A4EDB5221BC4CD0022335C /* Main.storyboard */,
				46A4EDB8221BC4CD0022335C /* Info.plist */,
				46A4EDB9221BC4CD0022335C /* NiconicoPresentationPlayer.entitlements */,
				46A4EDD1221BC7D30022335C /* NS(Attributed)String+Geometrics.swift */,
				CEE7D0EB221F06DD00469A9F /* NSScreen+DisplayName.swift */,
				46A4EDD2221BC7D30022335C /* SocketClient.swift */,
				CEE7D0ED221F084900469A9F /* Extensions */,
				46A4EDDC221BC7F10022335C /* Events */,
				46A4EDD5221BC7E40022335C /* Window */,
			);
			path = NiconicoPresentationPlayer;
			sourceTree = "<group>";
		};
		46A4EDC1221BC4CD0022335C /* NiconicoPresentationPlayerTests */ = {
			isa = PBXGroup;
			children = (
				46A4EDC2221BC4CD0022335C /* NiconicoPresentationPlayerTests.swift */,
				46A4EDC4221BC4CD0022335C /* Info.plist */,
			);
			path = NiconicoPresentationPlayerTests;
			sourceTree = "<group>";
		};
		46A4EDD5221BC7E40022335C /* Window */ = {
			isa = PBXGroup;
			children = (
				CEE7D0E9221EDE5800469A9F /* PlayerWindowController.swift */,
				46A4EDD7221BC7E40022335C /* StatusBarManager.swift */,
				46A4EDD8221BC7E40022335C /* MenuManager.swift */,
			);
			path = Window;
			sourceTree = "<group>";
		};
		46A4EDDC221BC7F10022335C /* Events */ = {
			isa = PBXGroup;
			children = (
				46A4EDDD221BC7F10022335C /* LikeManager.swift */,
				46A4EDDE221BC7F10022335C /* MessageManager.swift */,
				46A4EDDF221BC7F10022335C /* KeyboardEvent.swift */,
			);
			path = Events;
			sourceTree = "<group>";
		};
		5889E5A36FAE320121A5272F /* Pods */ = {
			isa = PBXGroup;
			children = (
				C65B459DAB9C380E61928D7B /* Pods-NiconicoPresentationPlayer.debug.xcconfig */,
				426767AB23F96118238F6FA9 /* Pods-NiconicoPresentationPlayer.release.xcconfig */,
				377193BEF68E6F2115882A4F /* Pods-NiconicoPresentationPlayerTests.debug.xcconfig */,
				CC2DE3C3D838B5063367B6C8 /* Pods-NiconicoPresentationPlayerTests.release.xcconfig */,
			);
			name = Pods;
			sourceTree = "<group>";
		};
		CEE7D0ED221F084900469A9F /* Extensions */ = {
			isa = PBXGroup;
			children = (
			);
			path = Extensions;
			sourceTree = "<group>";
		};
		EC776EE9A33595F14FD0C2F0 /* Frameworks */ = {
			isa = PBXGroup;
			children = (
				8E03F9CF86ED2DB94CD7D005 /* Pods_NiconicoPresentationPlayer.framework */,
				EA947A854106A2A59A67798D /* Pods_NiconicoPresentationPlayerTests.framework */,
			);
			name = Frameworks;
			sourceTree = "<group>";
		};
/* End PBXGroup section */

/* Begin PBXNativeTarget section */
		46A4EDAB221BC4CC0022335C /* NiconicoPresentationPlayer */ = {
			isa = PBXNativeTarget;
			buildConfigurationList = 46A4EDC7221BC4CD0022335C /* Build configuration list for PBXNativeTarget "NiconicoPresentationPlayer" */;
			buildPhases = (
				03623292952D2D730F9D1142 /* [CP] Check Pods Manifest.lock */,
				46A4EDA8221BC4CC0022335C /* Sources */,
				46A4EDA9221BC4CC0022335C /* Frameworks */,
				46A4EDAA221BC4CC0022335C /* Resources */,
				7C45B26B08DD48695E417B51 /* [CP] Embed Pods Frameworks */,
			);
			buildRules = (
			);
			dependencies = (
			);
			name = NiconicoPresentationPlayer;
			productName = NiconicoPresentationPlayer;
			productReference = 46A4EDAC221BC4CC0022335C /* NiconicoPresentationPlayer.app */;
			productType = "com.apple.product-type.application";
		};
		46A4EDBD221BC4CD0022335C /* NiconicoPresentationPlayerTests */ = {
			isa = PBXNativeTarget;
			buildConfigurationList = 46A4EDCA221BC4CD0022335C /* Build configuration list for PBXNativeTarget "NiconicoPresentationPlayerTests" */;
			buildPhases = (
				98EE2B21DC55EA36D2310EBA /* [CP] Check Pods Manifest.lock */,
				46A4EDBA221BC4CD0022335C /* Sources */,
				46A4EDBB221BC4CD0022335C /* Frameworks */,
				46A4EDBC221BC4CD0022335C /* Resources */,
			);
			buildRules = (
			);
			dependencies = (
				46A4EDC0221BC4CD0022335C /* PBXTargetDependency */,
			);
			name = NiconicoPresentationPlayerTests;
			productName = NiconicoPresentationPlayerTests;
			productReference = 46A4EDBE221BC4CD0022335C /* NiconicoPresentationPlayerTests.xctest */;
			productType = "com.apple.product-type.bundle.unit-test";
		};
/* End PBXNativeTarget section */

/* Begin PBXProject section */
		46A4EDA4221BC4CC0022335C /* Project object */ = {
			isa = PBXProject;
			attributes = {
				LastSwiftUpdateCheck = 1010;
				LastUpgradeCheck = 1010;
				ORGANIZATIONNAME = bugttle;
				TargetAttributes = {
					46A4EDAB221BC4CC0022335C = {
						CreatedOnToolsVersion = 10.1;
					};
					46A4EDBD221BC4CD0022335C = {
						CreatedOnToolsVersion = 10.1;
						TestTargetID = 46A4EDAB221BC4CC0022335C;
					};
				};
			};
			buildConfigurationList = 46A4EDA7221BC4CC0022335C /* Build configuration list for PBXProject "NiconicoPresentationPlayer" */;
			compatibilityVersion = "Xcode 9.3";
			developmentRegion = en;
			hasScannedForEncodings = 0;
			knownRegions = (
				en,
				Base,
			);
			mainGroup = 46A4EDA3221BC4CC0022335C;
			productRefGroup = 46A4EDAD221BC4CC0022335C /* Products */;
			projectDirPath = "";
			projectRoot = "";
			targets = (
				46A4EDAB221BC4CC0022335C /* NiconicoPresentationPlayer */,
				46A4EDBD221BC4CD0022335C /* NiconicoPresentationPlayerTests */,
			);
		};
/* End PBXProject section */

/* Begin PBXResourcesBuildPhase section */
		46A4EDAA221BC4CC0022335C /* Resources */ = {
			isa = PBXResourcesBuildPhase;
			buildActionMask = 2147483647;
			files = (
				46A4EDB4221BC4CD0022335C /* Assets.xcassets in Resources */,
				46A4EDB7221BC4CD0022335C /* Main.storyboard in Resources */,
			);
			runOnlyForDeploymentPostprocessing = 0;
		};
		46A4EDBC221BC4CD0022335C /* Resources */ = {
			isa = PBXResourcesBuildPhase;
			buildActionMask = 2147483647;
			files = (
			);
			runOnlyForDeploymentPostprocessing = 0;
		};
/* End PBXResourcesBuildPhase section */

/* Begin PBXShellScriptBuildPhase section */
		03623292952D2D730F9D1142 /* [CP] Check Pods Manifest.lock */ = {
			isa = PBXShellScriptBuildPhase;
			buildActionMask = 2147483647;
			files = (
			);
			inputFileListPaths = (
			);
			inputPaths = (
				"${PODS_PODFILE_DIR_PATH}/Podfile.lock",
				"${PODS_ROOT}/Manifest.lock",
			);
			name = "[CP] Check Pods Manifest.lock";
			outputFileListPaths = (
			);
			outputPaths = (
				"$(DERIVED_FILE_DIR)/Pods-NiconicoPresentationPlayer-checkManifestLockResult.txt",
			);
			runOnlyForDeploymentPostprocessing = 0;
			shellPath = /bin/sh;
			shellScript = "diff \"${PODS_PODFILE_DIR_PATH}/Podfile.lock\" \"${PODS_ROOT}/Manifest.lock\" > /dev/null\nif [ $? != 0 ] ; then\n    # print error to STDERR\n    echo \"error: The sandbox is not in sync with the Podfile.lock. Run 'pod install' or update your CocoaPods installation.\" >&2\n    exit 1\nfi\n# This output is used by Xcode 'outputs' to avoid re-running this script phase.\necho \"SUCCESS\" > \"${SCRIPT_OUTPUT_FILE_0}\"\n";
			showEnvVarsInLog = 0;
		};
		7C45B26B08DD48695E417B51 /* [CP] Embed Pods Frameworks */ = {
			isa = PBXShellScriptBuildPhase;
			buildActionMask = 2147483647;
			files = (
			);
			inputFileListPaths = (
			);
			inputPaths = (
				"${SRCROOT}/Pods/Target Support Files/Pods-NiconicoPresentationPlayer/Pods-NiconicoPresentationPlayer-frameworks.sh",
				"${BUILT_PRODUCTS_DIR}/Socket.IO-Client-Swift/SocketIO.framework",
				"${BUILT_PRODUCTS_DIR}/Starscream/Starscream.framework",
			);
			name = "[CP] Embed Pods Frameworks";
			outputFileListPaths = (
			);
			outputPaths = (
				"${TARGET_BUILD_DIR}/${FRAMEWORKS_FOLDER_PATH}/SocketIO.framework",
				"${TARGET_BUILD_DIR}/${FRAMEWORKS_FOLDER_PATH}/Starscream.framework",
			);
			runOnlyForDeploymentPostprocessing = 0;
			shellPath = /bin/sh;
			shellScript = "\"${SRCROOT}/Pods/Target Support Files/Pods-NiconicoPresentationPlayer/Pods-NiconicoPresentationPlayer-frameworks.sh\"\n";
			showEnvVarsInLog = 0;
		};
		98EE2B21DC55EA36D2310EBA /* [CP] Check Pods Manifest.lock */ = {
			isa = PBXShellScriptBuildPhase;
			buildActionMask = 2147483647;
			files = (
			);
			inputFileListPaths = (
			);
			inputPaths = (
				"${PODS_PODFILE_DIR_PATH}/Podfile.lock",
				"${PODS_ROOT}/Manifest.lock",
			);
			name = "[CP] Check Pods Manifest.lock";
			outputFileListPaths = (
			);
			outputPaths = (
				"$(DERIVED_FILE_DIR)/Pods-NiconicoPresentationPlayerTests-checkManifestLockResult.txt",
			);
			runOnlyForDeploymentPostprocessing = 0;
			shellPath = /bin/sh;
			shellScript = "diff \"${PODS_PODFILE_DIR_PATH}/Podfile.lock\" \"${PODS_ROOT}/Manifest.lock\" > /dev/null\nif [ $? != 0 ] ; then\n    # print error to STDERR\n    echo \"error: The sandbox is not in sync with the Podfile.lock. Run 'pod install' or update your CocoaPods installation.\" >&2\n    exit 1\nfi\n# This output is used by Xcode 'outputs' to avoid re-running this script phase.\necho \"SUCCESS\" > \"${SCRIPT_OUTPUT_FILE_0}\"\n";
			showEnvVarsInLog = 0;
		};
/* End PBXShellScriptBuildPhase section */

/* Begin PBXSourcesBuildPhase section */
		46A4EDA8221BC4CC0022335C /* Sources */ = {
			isa = PBXSourcesBuildPhase;
			buildActionMask = 2147483647;
			files = (
				46A4EDDB221BC7E40022335C /* MenuManager.swift in Sources */,
				46A4EDD3221BC7D30022335C /* NS(Attributed)String+Geometrics.swift in Sources */,
				CEE7D0EC221F06DD00469A9F /* NSScreen+DisplayName.swift in Sources */,
				46A4EDDA221BC7E40022335C /* StatusBarManager.swift in Sources */,
				46A4EDE0221BC7F10022335C /* LikeManager.swift in Sources */,
				46A4EDB0221BC4CC0022335C /* AppDelegate.swift in Sources */,
				46A4EDD4221BC7D30022335C /* SocketClient.swift in Sources */,
				46A4EDE1221BC7F10022335C /* MessageManager.swift in Sources */,
				CEE7D0EA221EDE5800469A9F /* PlayerWindowController.swift in Sources */,
				46A4EDE2221BC7F10022335C /* KeyboardEvent.swift in Sources */,
			);
			runOnlyForDeploymentPostprocessing = 0;
		};
		46A4EDBA221BC4CD0022335C /* Sources */ = {
			isa = PBXSourcesBuildPhase;
			buildActionMask = 2147483647;
			files = (
				46A4EDC3221BC4CD0022335C /* NiconicoPresentationPlayerTests.swift in Sources */,
			);
			runOnlyForDeploymentPostprocessing = 0;
		};
/* End PBXSourcesBuildPhase section */

/* Begin PBXTargetDependency section */
		46A4EDC0221BC4CD0022335C /* PBXTargetDependency */ = {
			isa = PBXTargetDependency;
			target = 46A4EDAB221BC4CC0022335C /* NiconicoPresentationPlayer */;
			targetProxy = 46A4EDBF221BC4CD0022335C /* PBXContainerItemProxy */;
		};
/* End PBXTargetDependency section */

/* Begin PBXVariantGroup section */
		46A4EDB5221BC4CD0022335C /* Main.storyboard */ = {
			isa = PBXVariantGroup;
			children = (
				46A4EDB6221BC4CD0022335C /* Base */,
			);
			name = Main.storyboard;
			sourceTree = "<group>";
		};
/* End PBXVariantGroup section */

/* Begin XCBuildConfiguration section */
		46A4EDC5221BC4CD0022335C /* Debug */ = {
			isa = XCBuildConfiguration;
			buildSettings = {
				ALWAYS_SEARCH_USER_PATHS = NO;
				CLANG_ANALYZER_NONNULL = YES;
				CLANG_ANALYZER_NUMBER_OBJECT_CONVERSION = YES_AGGRESSIVE;
				CLANG_CXX_LANGUAGE_STANDARD = "gnu++14";
				CLANG_CXX_LIBRARY = "libc++";
				CLANG_ENABLE_MODULES = YES;
				CLANG_ENABLE_OBJC_ARC = YES;
				CLANG_ENABLE_OBJC_WEAK = YES;
				CLANG_WARN_BLOCK_CAPTURE_AUTORELEASING = YES;
				CLANG_WARN_BOOL_CONVERSION = YES;
				CLANG_WARN_COMMA = YES;
				CLANG_WARN_CONSTANT_CONVERSION = YES;
				CLANG_WARN_DEPRECATED_OBJC_IMPLEMENTATIONS = YES;
				CLANG_WARN_DIRECT_OBJC_ISA_USAGE = YES_ERROR;
				CLANG_WARN_DOCUMENTATION_COMMENTS = YES;
				CLANG_WARN_EMPTY_BODY = YES;
				CLANG_WARN_ENUM_CONVERSION = YES;
				CLANG_WARN_INFINITE_RECURSION = YES;
				CLANG_WARN_INT_CONVERSION = YES;
				CLANG_WARN_NON_LITERAL_NULL_CONVERSION = YES;
				CLANG_WARN_OBJC_IMPLICIT_RETAIN_SELF = YES;
				CLANG_WARN_OBJC_LITERAL_CONVERSION = YES;
				CLANG_WARN_OBJC_ROOT_CLASS = YES_ERROR;
				CLANG_WARN_RANGE_LOOP_ANALYSIS = YES;
				CLANG_WARN_STRICT_PROTOTYPES = YES;
				CLANG_WARN_SUSPICIOUS_MOVE = YES;
				CLANG_WARN_UNGUARDED_AVAILABILITY = YES_AGGRESSIVE;
				CLANG_WARN_UNREACHABLE_CODE = YES;
				CLANG_WARN__DUPLICATE_METHOD_MATCH = YES;
				CODE_SIGN_IDENTITY = "Mac Developer";
				COPY_PHASE_STRIP = NO;
				DEBUG_INFORMATION_FORMAT = dwarf;
				ENABLE_STRICT_OBJC_MSGSEND = YES;
				ENABLE_TESTABILITY = YES;
				GCC_C_LANGUAGE_STANDARD = gnu11;
				GCC_DYNAMIC_NO_PIC = NO;
				GCC_NO_COMMON_BLOCKS = YES;
				GCC_OPTIMIZATION_LEVEL = 0;
				GCC_PREPROCESSOR_DEFINITIONS = (
					"DEBUG=1",
					"$(inherited)",
				);
				GCC_WARN_64_TO_32_BIT_CONVERSION = YES;
				GCC_WARN_ABOUT_RETURN_TYPE = YES_ERROR;
				GCC_WARN_UNDECLARED_SELECTOR = YES;
				GCC_WARN_UNINITIALIZED_AUTOS = YES_AGGRESSIVE;
				GCC_WARN_UNUSED_FUNCTION = YES;
				GCC_WARN_UNUSED_VARIABLE = YES;
				MACOSX_DEPLOYMENT_TARGET = 10.14;
				MTL_ENABLE_DEBUG_INFO = INCLUDE_SOURCE;
				MTL_FAST_MATH = YES;
				ONLY_ACTIVE_ARCH = YES;
				SDKROOT = macosx;
				SWIFT_ACTIVE_COMPILATION_CONDITIONS = DEBUG;
				SWIFT_OPTIMIZATION_LEVEL = "-Onone";
			};
			name = Debug;
		};
		46A4EDC6221BC4CD0022335C /* Release */ = {
			isa = XCBuildConfiguration;
			buildSettings = {
				ALWAYS_SEARCH_USER_PATHS = NO;
				CLANG_ANALYZER_NONNULL = YES;
				CLANG_ANALYZER_NUMBER_OBJECT_CONVERSION = YES_AGGRESSIVE;
				CLANG_CXX_LANGUAGE_STANDARD = "gnu++14";
				CLANG_CXX_LIBRARY = "libc++";
				CLANG_ENABLE_MODULES = YES;
				CLANG_ENABLE_OBJC_ARC = YES;
				CLANG_ENABLE_OBJC_WEAK = YES;
				CLANG_WARN_BLOCK_CAPTURE_AUTORELEASING = YES;
				CLANG_WARN_BOOL_CONVERSION = YES;
				CLANG_WARN_COMMA = YES;
				CLANG_WARN_CONSTANT_CONVERSION = YES;
				CLANG_WARN_DEPRECATED_OBJC_IMPLEMENTATIONS = YES;
				CLANG_WARN_DIRECT_OBJC_ISA_USAGE = YES_ERROR;
				CLANG_WARN_DOCUMENTATION_COMMENTS = YES;
				CLANG_WARN_EMPTY_BODY = YES;
				CLANG_WARN_ENUM_CONVERSION = YES;
				CLANG_WARN_INFINITE_RECURSION = YES;
				CLANG_WARN_INT_CONVERSION = YES;
				CLANG_WARN_NON_LITERAL_NULL_CONVERSION = YES;
				CLANG_WARN_OBJC_IMPLICIT_RETAIN_SELF = YES;
				CLANG_WARN_OBJC_LITERAL_CONVERSION = YES;
				CLANG_WARN_OBJC_ROOT_CLASS = YES_ERROR;
				CLANG_WARN_RANGE_LOOP_ANALYSIS = YES;
				CLANG_WARN_STRICT_PROTOTYPES = YES;
				CLANG_WARN_SUSPICIOUS_MOVE = YES;
				CLANG_WARN_UNGUARDED_AVAILABILITY = YES_AGGRESSIVE;
				CLANG_WARN_UNREACHABLE_CODE = YES;
				CLANG_WARN__DUPLICATE_METHOD_MATCH = YES;
				CODE_SIGN_IDENTITY = "Mac Developer";
				COPY_PHASE_STRIP = NO;
				DEBUG_INFORMATION_FORMAT = "dwarf-with-dsym";
				ENABLE_NS_ASSERTIONS = NO;
				ENABLE_STRICT_OBJC_MSGSEND = YES;
				GCC_C_LANGUAGE_STANDARD = gnu11;
				GCC_NO_COMMON_BLOCKS = YES;
				GCC_WARN_64_TO_32_BIT_CONVERSION = YES;
				GCC_WARN_ABOUT_RETURN_TYPE = YES_ERROR;
				GCC_WARN_UNDECLARED_SELECTOR = YES;
				GCC_WARN_UNINITIALIZED_AUTOS = YES_AGGRESSIVE;
				GCC_WARN_UNUSED_FUNCTION = YES;
				GCC_WARN_UNUSED_VARIABLE = YES;
				MACOSX_DEPLOYMENT_TARGET = 10.14;
				MTL_ENABLE_DEBUG_INFO = NO;
				MTL_FAST_MATH = YES;
				SDKROOT = macosx;
				SWIFT_COMPILATION_MODE = wholemodule;
				SWIFT_OPTIMIZATION_LEVEL = "-O";
			};
			name = Release;
		};
		46A4EDC8221BC4CD0022335C /* Debug */ = {
			isa = XCBuildConfiguration;
			baseConfigurationReference = C65B459DAB9C380E61928D7B /* Pods-NiconicoPresentationPlayer.debug.xcconfig */;
			buildSettings = {
				ASSETCATALOG_COMPILER_APPICON_NAME = AppIcon;
				CODE_SIGN_ENTITLEMENTS = NiconicoPresentationPlayer/NiconicoPresentationPlayer.entitlements;
				CODE_SIGN_IDENTITY = "Mac Developer";
				CODE_SIGN_STYLE = Automatic;
				COMBINE_HIDPI_IMAGES = YES;
				DEVELOPMENT_TEAM = 5C8E2YMVWW;
				INFOPLIST_FILE = NiconicoPresentationPlayer/Info.plist;
				LD_RUNPATH_SEARCH_PATHS = (
					"$(inherited)",
					"@executable_path/../Frameworks",
				);
				MACOSX_DEPLOYMENT_TARGET = 10.10;
				PRODUCT_BUNDLE_IDENTIFIER = com.blogspot.bugttle.apps.NiconicoPresentationPlayer;
				PRODUCT_NAME = "$(TARGET_NAME)";
				PROVISIONING_PROFILE_SPECIFIER = "";
				SWIFT_VERSION = 4.2;
			};
			name = Debug;
		};
		46A4EDC9221BC4CD0022335C /* Release */ = {
			isa = XCBuildConfiguration;
			baseConfigurationReference = 426767AB23F96118238F6FA9 /* Pods-NiconicoPresentationPlayer.release.xcconfig */;
			buildSettings = {
				ASSETCATALOG_COMPILER_APPICON_NAME = AppIcon;
				CODE_SIGN_ENTITLEMENTS = NiconicoPresentationPlayer/NiconicoPresentationPlayer.entitlements;
				CODE_SIGN_IDENTITY = "Mac Developer";
				CODE_SIGN_STYLE = Automatic;
				COMBINE_HIDPI_IMAGES = YES;
				DEVELOPMENT_TEAM = 5C8E2YMVWW;
				INFOPLIST_FILE = NiconicoPresentationPlayer/Info.plist;
				LD_RUNPATH_SEARCH_PATHS = (
					"$(inherited)",
					"@executable_path/../Frameworks",
				);
				MACOSX_DEPLOYMENT_TARGET = 10.10;
				PRODUCT_BUNDLE_IDENTIFIER = com.blogspot.bugttle.apps.NiconicoPresentationPlayer;
				PRODUCT_NAME = "$(TARGET_NAME)";
				PROVISIONING_PROFILE_SPECIFIER = "";
				SWIFT_VERSION = 4.2;
			};
			name = Release;
		};
		46A4EDCB221BC4CD0022335C /* Debug */ = {
			isa = XCBuildConfiguration;
			baseConfigurationReference = 377193BEF68E6F2115882A4F /* Pods-NiconicoPresentationPlayerTests.debug.xcconfig */;
			buildSettings = {
				ALWAYS_EMBED_SWIFT_STANDARD_LIBRARIES = YES;
				BUNDLE_LOADER = "$(TEST_HOST)";
				CODE_SIGN_STYLE = Automatic;
				COMBINE_HIDPI_IMAGES = YES;
				DEVELOPMENT_TEAM = 5C8E2YMVWW;
				INFOPLIST_FILE = NiconicoPresentationPlayerTests/Info.plist;
				LD_RUNPATH_SEARCH_PATHS = (
					"$(inherited)",
					"@executable_path/../Frameworks",
					"@loader_path/../Frameworks",
				);
				PRODUCT_BUNDLE_IDENTIFIER = com.blogspot.bugttle.apps.NiconicoPresentationPlayerTests;
				PRODUCT_NAME = "$(TARGET_NAME)";
				SWIFT_VERSION = 4.2;
				TEST_HOST = "$(BUILT_PRODUCTS_DIR)/NiconicoPresentationPlayer.app/Contents/MacOS/NiconicoPresentationPlayer";
			};
			name = Debug;
		};
		46A4EDCC221BC4CD0022335C /* Release */ = {
			isa = XCBuildConfiguration;
			baseConfigurationReference = CC2DE3C3D838B5063367B6C8 /* Pods-NiconicoPresentationPlayerTests.release.xcconfig */;
			buildSettings = {
				ALWAYS_EMBED_SWIFT_STANDARD_LIBRARIES = YES;
				BUNDLE_LOADER = "$(TEST_HOST)";
				CODE_SIGN_STYLE = Automatic;
				COMBINE_HIDPI_IMAGES = YES;
				DEVELOPMENT_TEAM = 5C8E2YMVWW;
				INFOPLIST_FILE = NiconicoPresentationPlayerTests/Info.plist;
				LD_RUNPATH_SEARCH_PATHS = (
					"$(inherited)",
					"@executable_path/../Frameworks",
					"@loader_path/../Frameworks",
				);
				PRODUCT_BUNDLE_IDENTIFIER = com.blogspot.bugttle.apps.NiconicoPresentationPlayerTests;
				PRODUCT_NAME = "$(TARGET_NAME)";
				SWIFT_VERSION = 4.2;
				TEST_HOST = "$(BUILT_PRODUCTS_DIR)/NiconicoPresentationPlayer.app/Contents/MacOS/NiconicoPresentationPlayer";
			};
			name = Release;
		};
/* End XCBuildConfiguration section */

/* Begin XCConfigurationList section */
		46A4EDA7221BC4CC0022335C /* Build configuration list for PBXProject "NiconicoPresentationPlayer" */ = {
			isa = XCConfigurationList;
			buildConfigurations = (
				46A4EDC5221BC4CD0022335C /* Debug */,
				46A4EDC6221BC4CD0022335C /* Release */,
			);
			defaultConfigurationIsVisible = 0;
			defaultConfigurationName = Release;
		};
		46A4EDC7221BC4CD0022335C /* Build configuration list for PBXNativeTarget "NiconicoPresentationPlayer" */ = {
			isa = XCConfigurationList;
			buildConfigurations = (
				46A4EDC8221BC4CD0022335C /* Debug */,
				46A4EDC9221BC4CD0022335C /* Release */,
			);
			defaultConfigurationIsVisible = 0;
			defaultConfigurationName = Release;
		};
		46A4EDCA221BC4CD0022335C /* Build configuration list for PBXNativeTarget "NiconicoPresentationPlayerTests" */ = {
			isa = XCConfigurationList;
			buildConfigurations = (
				46A4EDCB221BC4CD0022335C /* Debug */,
				46A4EDCC221BC4CD0022335C /* Release */,
			);
			defaultConfigurationIsVisible = 0;
			defaultConfigurationName = Release;
		};
/* End XCConfigurationList section */
	};
	rootObject = 46A4EDA4221BC4CC0022335C /* Project object */;
}
