// !$*UTF8*$!
{
	archiveVersion = 1;
	classes = {
	};
	objectVersion = 50;
	objects = {

/* Begin PBXBuildFile section */
		16C806036551D8047DFED7A9 /* Pods_NiconicoPresentationTests.framework in Frameworks */ = {isa = PBXBuildFile; fileRef = F600BE6631ECEE0F6F55DC5D /* Pods_NiconicoPresentationTests.framework */; };
		461CB109220D326A00A37CEF /* LikeManager.swift in Sources */ = {isa = PBXBuildFile; fileRef = 461CB108220D326A00A37CEF /* LikeManager.swift */; };
		462F145721815FFC00210F04 /* NS(Attributed)String+Geometrics.swift in Sources */ = {isa = PBXBuildFile; fileRef = 462F145621815FFC00210F04 /* NS(Attributed)String+Geometrics.swift */; };
		462F145B2181709300210F04 /* KeyboardEvent.swift in Sources */ = {isa = PBXBuildFile; fileRef = 462F145A2181709300210F04 /* KeyboardEvent.swift */; };
		462F145D218173A600210F04 /* MessageManager.swift in Sources */ = {isa = PBXBuildFile; fileRef = 462F145C218173A600210F04 /* MessageManager.swift */; };
		462F145F218198A700210F04 /* StatusBarManager.swift in Sources */ = {isa = PBXBuildFile; fileRef = 462F145E218198A600210F04 /* StatusBarManager.swift */; };
		462F146121819AAA00210F04 /* WindowManager.swift in Sources */ = {isa = PBXBuildFile; fileRef = 462F146021819AAA00210F04 /* WindowManager.swift */; };
		462F14632181A0E600210F04 /* MenuManager.swift in Sources */ = {isa = PBXBuildFile; fileRef = 462F14622181A0E600210F04 /* MenuManager.swift */; };
		464F369F220AE7C40012FD8C /* SocketClient.swift in Sources */ = {isa = PBXBuildFile; fileRef = 464F369E220AE7C40012FD8C /* SocketClient.swift */; };
		4661C82221815C2F00C825A4 /* AppDelegate.swift in Sources */ = {isa = PBXBuildFile; fileRef = 4661C82121815C2F00C825A4 /* AppDelegate.swift */; };
		4661C82621815C3000C825A4 /* Assets.xcassets in Resources */ = {isa = PBXBuildFile; fileRef = 4661C82521815C3000C825A4 /* Assets.xcassets */; };
		4661C82921815C3000C825A4 /* Main.storyboard in Resources */ = {isa = PBXBuildFile; fileRef = 4661C82721815C3000C825A4 /* Main.storyboard */; };
		4661C83521815C3000C825A4 /* NiconicoPresentationTests.swift in Sources */ = {isa = PBXBuildFile; fileRef = 4661C83421815C3000C825A4 /* NiconicoPresentationTests.swift */; };
		75DE459548350E50E1B79378 /* Pods_NiconicoPresentation.framework in Frameworks */ = {isa = PBXBuildFile; fileRef = 04B97CE9F881BA3079EC0ADA /* Pods_NiconicoPresentation.framework */; };
/* End PBXBuildFile section */

/* Begin PBXContainerItemProxy section */
		4661C83121815C3000C825A4 /* PBXContainerItemProxy */ = {
			isa = PBXContainerItemProxy;
			containerPortal = 4661C81621815C2E00C825A4 /* Project object */;
			proxyType = 1;
			remoteGlobalIDString = 4661C81D21815C2E00C825A4;
			remoteInfo = NiconicoPresentation;
		};
/* End PBXContainerItemProxy section */

/* Begin PBXFileReference section */
		04B97CE9F881BA3079EC0ADA /* Pods_NiconicoPresentation.framework */ = {isa = PBXFileReference; explicitFileType = wrapper.framework; includeInIndex = 0; path = Pods_NiconicoPresentation.framework; sourceTree = BUILT_PRODUCTS_DIR; };
		461CB108220D326A00A37CEF /* LikeManager.swift */ = {isa = PBXFileReference; fileEncoding = 4; lastKnownFileType = sourcecode.swift; path = LikeManager.swift; sourceTree = "<group>"; };
		462F145621815FFC00210F04 /* NS(Attributed)String+Geometrics.swift */ = {isa = PBXFileReference; fileEncoding = 4; lastKnownFileType = sourcecode.swift; path = "NS(Attributed)String+Geometrics.swift"; sourceTree = "<group>"; };
		462F145A2181709300210F04 /* KeyboardEvent.swift */ = {isa = PBXFileReference; lastKnownFileType = sourcecode.swift; path = KeyboardEvent.swift; sourceTree = "<group>"; };
		462F145C218173A600210F04 /* MessageManager.swift */ = {isa = PBXFileReference; lastKnownFileType = sourcecode.swift; path = MessageManager.swift; sourceTree = "<group>"; };
		462F145E218198A600210F04 /* StatusBarManager.swift */ = {isa = PBXFileReference; lastKnownFileType = sourcecode.swift; path = StatusBarManager.swift; sourceTree = "<group>"; };
		462F146021819AAA00210F04 /* WindowManager.swift */ = {isa = PBXFileReference; lastKnownFileType = sourcecode.swift; path = WindowManager.swift; sourceTree = "<group>"; };
		462F14622181A0E600210F04 /* MenuManager.swift */ = {isa = PBXFileReference; lastKnownFileType = sourcecode.swift; path = MenuManager.swift; sourceTree = "<group>"; };
		464F369E220AE7C40012FD8C /* SocketClient.swift */ = {isa = PBXFileReference; fileEncoding = 4; lastKnownFileType = sourcecode.swift; path = SocketClient.swift; sourceTree = "<group>"; };
		4661C81E21815C2E00C825A4 /* NiconicoPresentation.app */ = {isa = PBXFileReference; explicitFileType = wrapper.application; includeInIndex = 0; path = NiconicoPresentation.app; sourceTree = BUILT_PRODUCTS_DIR; };
		4661C82121815C2F00C825A4 /* AppDelegate.swift */ = {isa = PBXFileReference; lastKnownFileType = sourcecode.swift; path = AppDelegate.swift; sourceTree = "<group>"; };
		4661C82521815C3000C825A4 /* Assets.xcassets */ = {isa = PBXFileReference; lastKnownFileType = folder.assetcatalog; path = Assets.xcassets; sourceTree = "<group>"; };
		4661C82821815C3000C825A4 /* Base */ = {isa = PBXFileReference; lastKnownFileType = file.storyboard; name = Base; path = Base.lproj/Main.storyboard; sourceTree = "<group>"; };
		4661C82A21815C3000C825A4 /* Info.plist */ = {isa = PBXFileReference; lastKnownFileType = text.plist.xml; path = Info.plist; sourceTree = "<group>"; };
		4661C82B21815C3000C825A4 /* NiconicoPresentation.entitlements */ = {isa = PBXFileReference; lastKnownFileType = text.plist.entitlements; path = NiconicoPresentation.entitlements; sourceTree = "<group>"; };
		4661C83021815C3000C825A4 /* NiconicoPresentationTests.xctest */ = {isa = PBXFileReference; explicitFileType = wrapper.cfbundle; includeInIndex = 0; path = NiconicoPresentationTests.xctest; sourceTree = BUILT_PRODUCTS_DIR; };
		4661C83421815C3000C825A4 /* NiconicoPresentationTests.swift */ = {isa = PBXFileReference; lastKnownFileType = sourcecode.swift; path = NiconicoPresentationTests.swift; sourceTree = "<group>"; };
		4661C83621815C3000C825A4 /* Info.plist */ = {isa = PBXFileReference; lastKnownFileType = text.plist.xml; path = Info.plist; sourceTree = "<group>"; };
		7D8B0023A46F62DC7204A58F /* Pods-NiconicoPresentationTests.debug.xcconfig */ = {isa = PBXFileReference; includeInIndex = 1; lastKnownFileType = text.xcconfig; name = "Pods-NiconicoPresentationTests.debug.xcconfig"; path = "Pods/Target Support Files/Pods-NiconicoPresentationTests/Pods-NiconicoPresentationTests.debug.xcconfig"; sourceTree = "<group>"; };
		8C803C40D3890F3AAEB26036 /* Pods-NiconicoPresentation.debug.xcconfig */ = {isa = PBXFileReference; includeInIndex = 1; lastKnownFileType = text.xcconfig; name = "Pods-NiconicoPresentation.debug.xcconfig"; path = "Pods/Target Support Files/Pods-NiconicoPresentation/Pods-NiconicoPresentation.debug.xcconfig"; sourceTree = "<group>"; };
		9699DF2435CF34053976D944 /* Pods-NiconicoPresentationTests.release.xcconfig */ = {isa = PBXFileReference; includeInIndex = 1; lastKnownFileType = text.xcconfig; name = "Pods-NiconicoPresentationTests.release.xcconfig"; path = "Pods/Target Support Files/Pods-NiconicoPresentationTests/Pods-NiconicoPresentationTests.release.xcconfig"; sourceTree = "<group>"; };
		A6179B50E22140995203B98E /* Pods-NiconicoPresentation.release.xcconfig */ = {isa = PBXFileReference; includeInIndex = 1; lastKnownFileType = text.xcconfig; name = "Pods-NiconicoPresentation.release.xcconfig"; path = "Pods/Target Support Files/Pods-NiconicoPresentation/Pods-NiconicoPresentation.release.xcconfig"; sourceTree = "<group>"; };
		F600BE6631ECEE0F6F55DC5D /* Pods_NiconicoPresentationTests.framework */ = {isa = PBXFileReference; explicitFileType = wrapper.framework; includeInIndex = 0; path = Pods_NiconicoPresentationTests.framework; sourceTree = BUILT_PRODUCTS_DIR; };
/* End PBXFileReference section */

/* Begin PBXFrameworksBuildPhase section */
		4661C81B21815C2E00C825A4 /* Frameworks */ = {
			isa = PBXFrameworksBuildPhase;
			buildActionMask = 2147483647;
			files = (
				75DE459548350E50E1B79378 /* Pods_NiconicoPresentation.framework in Frameworks */,
			);
			runOnlyForDeploymentPostprocessing = 0;
		};
		4661C82D21815C3000C825A4 /* Frameworks */ = {
			isa = PBXFrameworksBuildPhase;
			buildActionMask = 2147483647;
			files = (
				16C806036551D8047DFED7A9 /* Pods_NiconicoPresentationTests.framework in Frameworks */,
			);
			runOnlyForDeploymentPostprocessing = 0;
		};
/* End PBXFrameworksBuildPhase section */

/* Begin PBXGroup section */
		4661C81521815C2E00C825A4 = {
			isa = PBXGroup;
			children = (
				4661C82021815C2E00C825A4 /* NiconicoPresentation */,
				4661C83321815C3000C825A4 /* NiconicoPresentationTests */,
				4661C81F21815C2E00C825A4 /* Products */,
				C700390AF5DFD25697FB2AFE /* Pods */,
				60AC9A3FB0C3A48A43E3E261 /* Frameworks */,
			);
			sourceTree = "<group>";
		};
		4661C81F21815C2E00C825A4 /* Products */ = {
			isa = PBXGroup;
			children = (
				4661C81E21815C2E00C825A4 /* NiconicoPresentation.app */,
				4661C83021815C3000C825A4 /* NiconicoPresentationTests.xctest */,
			);
			name = Products;
			sourceTree = "<group>";
		};
		4661C82021815C2E00C825A4 /* NiconicoPresentation */ = {
			isa = PBXGroup;
			children = (
				4661C82121815C2F00C825A4 /* AppDelegate.swift */,
				462F145621815FFC00210F04 /* NS(Attributed)String+Geometrics.swift */,
				4661C82521815C3000C825A4 /* Assets.xcassets */,
				4661C82721815C3000C825A4 /* Main.storyboard */,
				4661C82A21815C3000C825A4 /* Info.plist */,
				4661C82B21815C3000C825A4 /* NiconicoPresentation.entitlements */,
				464F369E220AE7C40012FD8C /* SocketClient.swift */,
				462F145A2181709300210F04 /* KeyboardEvent.swift */,
				461CB108220D326A00A37CEF /* LikeManager.swift */,
				462F145C218173A600210F04 /* MessageManager.swift */,
				462F145E218198A600210F04 /* StatusBarManager.swift */,
				462F146021819AAA00210F04 /* WindowManager.swift */,
				462F14622181A0E600210F04 /* MenuManager.swift */,
			);
			path = NiconicoPresentation;
			sourceTree = "<group>";
		};
		4661C83321815C3000C825A4 /* NiconicoPresentationTests */ = {
			isa = PBXGroup;
			children = (
				4661C83421815C3000C825A4 /* NiconicoPresentationTests.swift */,
				4661C83621815C3000C825A4 /* Info.plist */,
			);
			path = NiconicoPresentationTests;
			sourceTree = "<group>";
		};
		60AC9A3FB0C3A48A43E3E261 /* Frameworks */ = {
			isa = PBXGroup;
			children = (
				04B97CE9F881BA3079EC0ADA /* Pods_NiconicoPresentation.framework */,
				F600BE6631ECEE0F6F55DC5D /* Pods_NiconicoPresentationTests.framework */,
			);
			name = Frameworks;
			sourceTree = "<group>";
		};
		C700390AF5DFD25697FB2AFE /* Pods */ = {
			isa = PBXGroup;
			children = (
				8C803C40D3890F3AAEB26036 /* Pods-NiconicoPresentation.debug.xcconfig */,
				A6179B50E22140995203B98E /* Pods-NiconicoPresentation.release.xcconfig */,
				7D8B0023A46F62DC7204A58F /* Pods-NiconicoPresentationTests.debug.xcconfig */,
				9699DF2435CF34053976D944 /* Pods-NiconicoPresentationTests.release.xcconfig */,
			);
			name = Pods;
			sourceTree = "<group>";
		};
/* End PBXGroup section */

/* Begin PBXNativeTarget section */
		4661C81D21815C2E00C825A4 /* NiconicoPresentation */ = {
			isa = PBXNativeTarget;
			buildConfigurationList = 4661C83921815C3000C825A4 /* Build configuration list for PBXNativeTarget "NiconicoPresentation" */;
			buildPhases = (
				78F39CA6694A03B18B951883 /* [CP] Check Pods Manifest.lock */,
				4661C81A21815C2E00C825A4 /* Sources */,
				4661C81B21815C2E00C825A4 /* Frameworks */,
				4661C81C21815C2E00C825A4 /* Resources */,
				088F18F0B33ECFB49465F73E /* [CP] Embed Pods Frameworks */,
			);
			buildRules = (
			);
			dependencies = (
			);
			name = NiconicoPresentation;
			productName = NiconicoPresentation;
			productReference = 4661C81E21815C2E00C825A4 /* NiconicoPresentation.app */;
			productType = "com.apple.product-type.application";
		};
		4661C82F21815C3000C825A4 /* NiconicoPresentationTests */ = {
			isa = PBXNativeTarget;
			buildConfigurationList = 4661C83C21815C3000C825A4 /* Build configuration list for PBXNativeTarget "NiconicoPresentationTests" */;
			buildPhases = (
				417C7FEF339C90E833AA5045 /* [CP] Check Pods Manifest.lock */,
				4661C82C21815C3000C825A4 /* Sources */,
				4661C82D21815C3000C825A4 /* Frameworks */,
				4661C82E21815C3000C825A4 /* Resources */,
			);
			buildRules = (
			);
			dependencies = (
				4661C83221815C3000C825A4 /* PBXTargetDependency */,
			);
			name = NiconicoPresentationTests;
			productName = NiconicoPresentationTests;
			productReference = 4661C83021815C3000C825A4 /* NiconicoPresentationTests.xctest */;
			productType = "com.apple.product-type.bundle.unit-test";
		};
/* End PBXNativeTarget section */

/* Begin PBXProject section */
		4661C81621815C2E00C825A4 /* Project object */ = {
			isa = PBXProject;
			attributes = {
				LastSwiftUpdateCheck = 1000;
				LastUpgradeCheck = 1000;
				ORGANIZATIONNAME = bugttle;
				TargetAttributes = {
					4661C81D21815C2E00C825A4 = {
						CreatedOnToolsVersion = 10.0;
					};
					4661C82F21815C3000C825A4 = {
						CreatedOnToolsVersion = 10.0;
						TestTargetID = 4661C81D21815C2E00C825A4;
					};
				};
			};
			buildConfigurationList = 4661C81921815C2E00C825A4 /* Build configuration list for PBXProject "NiconicoPresentation" */;
			compatibilityVersion = "Xcode 9.3";
			developmentRegion = en;
			hasScannedForEncodings = 0;
			knownRegions = (
				en,
				Base,
			);
			mainGroup = 4661C81521815C2E00C825A4;
			productRefGroup = 4661C81F21815C2E00C825A4 /* Products */;
			projectDirPath = "";
			projectRoot = "";
			targets = (
				4661C81D21815C2E00C825A4 /* NiconicoPresentation */,
				4661C82F21815C3000C825A4 /* NiconicoPresentationTests */,
			);
		};
/* End PBXProject section */

/* Begin PBXResourcesBuildPhase section */
		4661C81C21815C2E00C825A4 /* Resources */ = {
			isa = PBXResourcesBuildPhase;
			buildActionMask = 2147483647;
			files = (
				4661C82621815C3000C825A4 /* Assets.xcassets in Resources */,
				4661C82921815C3000C825A4 /* Main.storyboard in Resources */,
			);
			runOnlyForDeploymentPostprocessing = 0;
		};
		4661C82E21815C3000C825A4 /* Resources */ = {
			isa = PBXResourcesBuildPhase;
			buildActionMask = 2147483647;
			files = (
			);
			runOnlyForDeploymentPostprocessing = 0;
		};
/* End PBXResourcesBuildPhase section */

/* Begin PBXShellScriptBuildPhase section */
		088F18F0B33ECFB49465F73E /* [CP] Embed Pods Frameworks */ = {
			isa = PBXShellScriptBuildPhase;
			buildActionMask = 2147483647;
			files = (
			);
			inputFileListPaths = (
			);
			inputPaths = (
				"${SRCROOT}/Pods/Target Support Files/Pods-NiconicoPresentation/Pods-NiconicoPresentation-frameworks.sh",
				"${BUILT_PRODUCTS_DIR}/Socket.IO-Client-Swift/SocketIO.framework",
				"${BUILT_PRODUCTS_DIR}/Starscream/Starscream.framework",
			);
			name = "[CP] Embed Pods Frameworks";
			outputFileListPaths = (
			);
			outputPaths = (
				"${TARGET_BUILD_DIR}/${FRAMEWORKS_FOLDER_PATH}/SocketIO.framework",
				"${TARGET_BUILD_DIR}/${FRAMEWORKS_FOLDER_PATH}/Starscream.framework",
			);
			runOnlyForDeploymentPostprocessing = 0;
			shellPath = /bin/sh;
			shellScript = "\"${SRCROOT}/Pods/Target Support Files/Pods-NiconicoPresentation/Pods-NiconicoPresentation-frameworks.sh\"\n";
			showEnvVarsInLog = 0;
		};
		417C7FEF339C90E833AA5045 /* [CP] Check Pods Manifest.lock */ = {
			isa = PBXShellScriptBuildPhase;
			buildActionMask = 2147483647;
			files = (
			);
			inputFileListPaths = (
			);
			inputPaths = (
				"${PODS_PODFILE_DIR_PATH}/Podfile.lock",
				"${PODS_ROOT}/Manifest.lock",
			);
			name = "[CP] Check Pods Manifest.lock";
			outputFileListPaths = (
			);
			outputPaths = (
				"$(DERIVED_FILE_DIR)/Pods-NiconicoPresentationTests-checkManifestLockResult.txt",
			);
			runOnlyForDeploymentPostprocessing = 0;
			shellPath = /bin/sh;
			shellScript = "diff \"${PODS_PODFILE_DIR_PATH}/Podfile.lock\" \"${PODS_ROOT}/Manifest.lock\" > /dev/null\nif [ $? != 0 ] ; then\n    # print error to STDERR\n    echo \"error: The sandbox is not in sync with the Podfile.lock. Run 'pod install' or update your CocoaPods installation.\" >&2\n    exit 1\nfi\n# This output is used by Xcode 'outputs' to avoid re-running this script phase.\necho \"SUCCESS\" > \"${SCRIPT_OUTPUT_FILE_0}\"\n";
			showEnvVarsInLog = 0;
		};
		78F39CA6694A03B18B951883 /* [CP] Check Pods Manifest.lock */ = {
			isa = PBXShellScriptBuildPhase;
			buildActionMask = 2147483647;
			files = (
			);
			inputFileListPaths = (
			);
			inputPaths = (
				"${PODS_PODFILE_DIR_PATH}/Podfile.lock",
				"${PODS_ROOT}/Manifest.lock",
			);
			name = "[CP] Check Pods Manifest.lock";
			outputFileListPaths = (
			);
			outputPaths = (
				"$(DERIVED_FILE_DIR)/Pods-NiconicoPresentation-checkManifestLockResult.txt",
			);
			runOnlyForDeploymentPostprocessing = 0;
			shellPath = /bin/sh;
			shellScript = "diff \"${PODS_PODFILE_DIR_PATH}/Podfile.lock\" \"${PODS_ROOT}/Manifest.lock\" > /dev/null\nif [ $? != 0 ] ; then\n    # print error to STDERR\n    echo \"error: The sandbox is not in sync with the Podfile.lock. Run 'pod install' or update your CocoaPods installation.\" >&2\n    exit 1\nfi\n# This output is used by Xcode 'outputs' to avoid re-running this script phase.\necho \"SUCCESS\" > \"${SCRIPT_OUTPUT_FILE_0}\"\n";
			showEnvVarsInLog = 0;
		};
/* End PBXShellScriptBuildPhase section */

/* Begin PBXSourcesBuildPhase section */
		4661C81A21815C2E00C825A4 /* Sources */ = {
			isa = PBXSourcesBuildPhase;
			buildActionMask = 2147483647;
			files = (
				462F145721815FFC00210F04 /* NS(Attributed)String+Geometrics.swift in Sources */,
				462F145B2181709300210F04 /* KeyboardEvent.swift in Sources */,
				461CB109220D326A00A37CEF /* LikeManager.swift in Sources */,
				462F145D218173A600210F04 /* MessageManager.swift in Sources */,
				4661C82221815C2F00C825A4 /* AppDelegate.swift in Sources */,
				462F145F218198A700210F04 /* StatusBarManager.swift in Sources */,
				464F369F220AE7C40012FD8C /* SocketClient.swift in Sources */,
				462F146121819AAA00210F04 /* WindowManager.swift in Sources */,
				462F14632181A0E600210F04 /* MenuManager.swift in Sources */,
			);
			runOnlyForDeploymentPostprocessing = 0;
		};
		4661C82C21815C3000C825A4 /* Sources */ = {
			isa = PBXSourcesBuildPhase;
			buildActionMask = 2147483647;
			files = (
				4661C83521815C3000C825A4 /* NiconicoPresentationTests.swift in Sources */,
			);
			runOnlyForDeploymentPostprocessing = 0;
		};
/* End PBXSourcesBuildPhase section */

/* Begin PBXTargetDependency section */
		4661C83221815C3000C825A4 /* PBXTargetDependency */ = {
			isa = PBXTargetDependency;
			target = 4661C81D21815C2E00C825A4 /* NiconicoPresentation */;
			targetProxy = 4661C83121815C3000C825A4 /* PBXContainerItemProxy */;
		};
/* End PBXTargetDependency section */

/* Begin PBXVariantGroup section */
		4661C82721815C3000C825A4 /* Main.storyboard */ = {
			isa = PBXVariantGroup;
			children = (
				4661C82821815C3000C825A4 /* Base */,
			);
			name = Main.storyboard;
			sourceTree = "<group>";
		};
/* End PBXVariantGroup section */

/* Begin XCBuildConfiguration section */
		4661C83721815C3000C825A4 /* Debug */ = {
			isa = XCBuildConfiguration;
			buildSettings = {
				ALWAYS_SEARCH_USER_PATHS = NO;
				CLANG_ANALYZER_NONNULL = YES;
				CLANG_ANALYZER_NUMBER_OBJECT_CONVERSION = YES_AGGRESSIVE;
				CLANG_CXX_LANGUAGE_STANDARD = "gnu++14";
				CLANG_CXX_LIBRARY = "libc++";
				CLANG_ENABLE_MODULES = YES;
				CLANG_ENABLE_OBJC_ARC = YES;
				CLANG_ENABLE_OBJC_WEAK = YES;
				CLANG_WARN_BLOCK_CAPTURE_AUTORELEASING = YES;
				CLANG_WARN_BOOL_CONVERSION = YES;
				CLANG_WARN_COMMA = YES;
				CLANG_WARN_CONSTANT_CONVERSION = YES;
				CLANG_WARN_DEPRECATED_OBJC_IMPLEMENTATIONS = YES;
				CLANG_WARN_DIRECT_OBJC_ISA_USAGE = YES_ERROR;
				CLANG_WARN_DOCUMENTATION_COMMENTS = YES;
				CLANG_WARN_EMPTY_BODY = YES;
				CLANG_WARN_ENUM_CONVERSION = YES;
				CLANG_WARN_INFINITE_RECURSION = YES;
				CLANG_WARN_INT_CONVERSION = YES;
				CLANG_WARN_NON_LITERAL_NULL_CONVERSION = YES;
				CLANG_WARN_OBJC_IMPLICIT_RETAIN_SELF = YES;
				CLANG_WARN_OBJC_LITERAL_CONVERSION = YES;
				CLANG_WARN_OBJC_ROOT_CLASS = YES_ERROR;
				CLANG_WARN_RANGE_LOOP_ANALYSIS = YES;
				CLANG_WARN_STRICT_PROTOTYPES = YES;
				CLANG_WARN_SUSPICIOUS_MOVE = YES;
				CLANG_WARN_UNGUARDED_AVAILABILITY = YES_AGGRESSIVE;
				CLANG_WARN_UNREACHABLE_CODE = YES;
				CLANG_WARN__DUPLICATE_METHOD_MATCH = YES;
				CODE_SIGN_IDENTITY = "Mac Developer";
				COPY_PHASE_STRIP = NO;
				DEBUG_INFORMATION_FORMAT = dwarf;
				ENABLE_STRICT_OBJC_MSGSEND = YES;
				ENABLE_TESTABILITY = YES;
				GCC_C_LANGUAGE_STANDARD = gnu11;
				GCC_DYNAMIC_NO_PIC = NO;
				GCC_NO_COMMON_BLOCKS = YES;
				GCC_OPTIMIZATION_LEVEL = 0;
				GCC_PREPROCESSOR_DEFINITIONS = (
					"DEBUG=1",
					"$(inherited)",
				);
				GCC_WARN_64_TO_32_BIT_CONVERSION = YES;
				GCC_WARN_ABOUT_RETURN_TYPE = YES_ERROR;
				GCC_WARN_UNDECLARED_SELECTOR = YES;
				GCC_WARN_UNINITIALIZED_AUTOS = YES_AGGRESSIVE;
				GCC_WARN_UNUSED_FUNCTION = YES;
				GCC_WARN_UNUSED_VARIABLE = YES;
				MACOSX_DEPLOYMENT_TARGET = 10.13;
				MTL_ENABLE_DEBUG_INFO = INCLUDE_SOURCE;
				MTL_FAST_MATH = YES;
				ONLY_ACTIVE_ARCH = YES;
				SDKROOT = macosx;
				SWIFT_ACTIVE_COMPILATION_CONDITIONS = DEBUG;
				SWIFT_OPTIMIZATION_LEVEL = "-Onone";
			};
			name = Debug;
		};
		4661C83821815C3000C825A4 /* Release */ = {
			isa = XCBuildConfiguration;
			buildSettings = {
				ALWAYS_SEARCH_USER_PATHS = NO;
				CLANG_ANALYZER_NONNULL = YES;
				CLANG_ANALYZER_NUMBER_OBJECT_CONVERSION = YES_AGGRESSIVE;
				CLANG_CXX_LANGUAGE_STANDARD = "gnu++14";
				CLANG_CXX_LIBRARY = "libc++";
				CLANG_ENABLE_MODULES = YES;
				CLANG_ENABLE_OBJC_ARC = YES;
				CLANG_ENABLE_OBJC_WEAK = YES;
				CLANG_WARN_BLOCK_CAPTURE_AUTORELEASING = YES;
				CLANG_WARN_BOOL_CONVERSION = YES;
				CLANG_WARN_COMMA = YES;
				CLANG_WARN_CONSTANT_CONVERSION = YES;
				CLANG_WARN_DEPRECATED_OBJC_IMPLEMENTATIONS = YES;
				CLANG_WARN_DIRECT_OBJC_ISA_USAGE = YES_ERROR;
				CLANG_WARN_DOCUMENTATION_COMMENTS = YES;
				CLANG_WARN_EMPTY_BODY = YES;
				CLANG_WARN_ENUM_CONVERSION = YES;
				CLANG_WARN_INFINITE_RECURSION = YES;
				CLANG_WARN_INT_CONVERSION = YES;
				CLANG_WARN_NON_LITERAL_NULL_CONVERSION = YES;
				CLANG_WARN_OBJC_IMPLICIT_RETAIN_SELF = YES;
				CLANG_WARN_OBJC_LITERAL_CONVERSION = YES;
				CLANG_WARN_OBJC_ROOT_CLASS = YES_ERROR;
				CLANG_WARN_RANGE_LOOP_ANALYSIS = YES;
				CLANG_WARN_STRICT_PROTOTYPES = YES;
				CLANG_WARN_SUSPICIOUS_MOVE = YES;
				CLANG_WARN_UNGUARDED_AVAILABILITY = YES_AGGRESSIVE;
				CLANG_WARN_UNREACHABLE_CODE = YES;
				CLANG_WARN__DUPLICATE_METHOD_MATCH = YES;
				CODE_SIGN_IDENTITY = "Mac Developer";
				COPY_PHASE_STRIP = NO;
				DEBUG_INFORMATION_FORMAT = "dwarf-with-dsym";
				ENABLE_NS_ASSERTIONS = NO;
				ENABLE_STRICT_OBJC_MSGSEND = YES;
				GCC_C_LANGUAGE_STANDARD = gnu11;
				GCC_NO_COMMON_BLOCKS = YES;
				GCC_WARN_64_TO_32_BIT_CONVERSION = YES;
				GCC_WARN_ABOUT_RETURN_TYPE = YES_ERROR;
				GCC_WARN_UNDECLARED_SELECTOR = YES;
				GCC_WARN_UNINITIALIZED_AUTOS = YES_AGGRESSIVE;
				GCC_WARN_UNUSED_FUNCTION = YES;
				GCC_WARN_UNUSED_VARIABLE = YES;
				MACOSX_DEPLOYMENT_TARGET = 10.13;
				MTL_ENABLE_DEBUG_INFO = NO;
				MTL_FAST_MATH = YES;
				SDKROOT = macosx;
				SWIFT_COMPILATION_MODE = wholemodule;
				SWIFT_OPTIMIZATION_LEVEL = "-O";
			};
			name = Release;
		};
		4661C83A21815C3000C825A4 /* Debug */ = {
			isa = XCBuildConfiguration;
			baseConfigurationReference = 8C803C40D3890F3AAEB26036 /* Pods-NiconicoPresentation.debug.xcconfig */;
			buildSettings = {
				ASSETCATALOG_COMPILER_APPICON_NAME = AppIcon;
				CODE_SIGN_ENTITLEMENTS = NiconicoPresentation/NiconicoPresentation.entitlements;
				CODE_SIGN_STYLE = Automatic;
				COMBINE_HIDPI_IMAGES = YES;
				DEVELOPMENT_TEAM = 5C8E2YMVWW;
				INFOPLIST_FILE = NiconicoPresentation/Info.plist;
				LD_RUNPATH_SEARCH_PATHS = (
					"$(inherited)",
					"@executable_path/../Frameworks",
				);
				MACOSX_DEPLOYMENT_TARGET = 10.10;
				PRODUCT_BUNDLE_IDENTIFIER = com.blogspot.bugttle.NiconicoPresentation;
				PRODUCT_NAME = "$(TARGET_NAME)";
				SWIFT_VERSION = 4.2;
			};
			name = Debug;
		};
		4661C83B21815C3000C825A4 /* Release */ = {
			isa = XCBuildConfiguration;
			baseConfigurationReference = A6179B50E22140995203B98E /* Pods-NiconicoPresentation.release.xcconfig */;
			buildSettings = {
				ASSETCATALOG_COMPILER_APPICON_NAME = AppIcon;
				CODE_SIGN_ENTITLEMENTS = NiconicoPresentation/NiconicoPresentation.entitlements;
				CODE_SIGN_STYLE = Automatic;
				COMBINE_HIDPI_IMAGES = YES;
				DEVELOPMENT_TEAM = 5C8E2YMVWW;
				INFOPLIST_FILE = NiconicoPresentation/Info.plist;
				LD_RUNPATH_SEARCH_PATHS = (
					"$(inherited)",
					"@executable_path/../Frameworks",
				);
				MACOSX_DEPLOYMENT_TARGET = 10.10;
				PRODUCT_BUNDLE_IDENTIFIER = com.blogspot.bugttle.NiconicoPresentation;
				PRODUCT_NAME = "$(TARGET_NAME)";
				SWIFT_VERSION = 4.2;
			};
			name = Release;
		};
		4661C83D21815C3000C825A4 /* Debug */ = {
			isa = XCBuildConfiguration;
			baseConfigurationReference = 7D8B0023A46F62DC7204A58F /* Pods-NiconicoPresentationTests.debug.xcconfig */;
			buildSettings = {
				ALWAYS_EMBED_SWIFT_STANDARD_LIBRARIES = YES;
				BUNDLE_LOADER = "$(TEST_HOST)";
				CODE_SIGN_STYLE = Automatic;
				COMBINE_HIDPI_IMAGES = YES;
				DEVELOPMENT_TEAM = 5C8E2YMVWW;
				INFOPLIST_FILE = NiconicoPresentationTests/Info.plist;
				LD_RUNPATH_SEARCH_PATHS = (
					"$(inherited)",
					"@executable_path/../Frameworks",
					"@loader_path/../Frameworks",
				);
				PRODUCT_BUNDLE_IDENTIFIER = jp.blogspot.bugttle.NiconicoPresentationTests;
				PRODUCT_NAME = "$(TARGET_NAME)";
				SWIFT_VERSION = 4.2;
				TEST_HOST = "$(BUILT_PRODUCTS_DIR)/NiconicoPresentation.app/Contents/MacOS/NiconicoPresentation";
			};
			name = Debug;
		};
		4661C83E21815C3000C825A4 /* Release */ = {
			isa = XCBuildConfiguration;
			baseConfigurationReference = 9699DF2435CF34053976D944 /* Pods-NiconicoPresentationTests.release.xcconfig */;
			buildSettings = {
				ALWAYS_EMBED_SWIFT_STANDARD_LIBRARIES = YES;
				BUNDLE_LOADER = "$(TEST_HOST)";
				CODE_SIGN_STYLE = Automatic;
				COMBINE_HIDPI_IMAGES = YES;
				DEVELOPMENT_TEAM = 5C8E2YMVWW;
				INFOPLIST_FILE = NiconicoPresentationTests/Info.plist;
				LD_RUNPATH_SEARCH_PATHS = (
					"$(inherited)",
					"@executable_path/../Frameworks",
					"@loader_path/../Frameworks",
				);
				PRODUCT_BUNDLE_IDENTIFIER = jp.blogspot.bugttle.NiconicoPresentationTests;
				PRODUCT_NAME = "$(TARGET_NAME)";
				SWIFT_VERSION = 4.2;
				TEST_HOST = "$(BUILT_PRODUCTS_DIR)/NiconicoPresentation.app/Contents/MacOS/NiconicoPresentation";
			};
			name = Release;
		};
/* End XCBuildConfiguration section */

/* Begin XCConfigurationList section */
		4661C81921815C2E00C825A4 /* Build configuration list for PBXProject "NiconicoPresentation" */ = {
			isa = XCConfigurationList;
			buildConfigurations = (
				4661C83721815C3000C825A4 /* Debug */,
				4661C83821815C3000C825A4 /* Release */,
			);
			defaultConfigurationIsVisible = 0;
			defaultConfigurationName = Release;
		};
		4661C83921815C3000C825A4 /* Build configuration list for PBXNativeTarget "NiconicoPresentation" */ = {
			isa = XCConfigurationList;
			buildConfigurations = (
				4661C83A21815C3000C825A4 /* Debug */,
				4661C83B21815C3000C825A4 /* Release */,
			);
			defaultConfigurationIsVisible = 0;
			defaultConfigurationName = Release;
		};
		4661C83C21815C3000C825A4 /* Build configuration list for PBXNativeTarget "NiconicoPresentationTests" */ = {
			isa = XCConfigurationList;
			buildConfigurations = (
				4661C83D21815C3000C825A4 /* Debug */,
				4661C83E21815C3000C825A4 /* Release */,
			);
			defaultConfigurationIsVisible = 0;
			defaultConfigurationName = Release;
		};
/* End XCConfigurationList section */
	};
	rootObject = 4661C81621815C2E00C825A4 /* Project object */;
}
