// !$*UTF8*$!
{
	archiveVersion = 1;
	classes = {
	};
	objectVersion = 46;
	objects = {

/* Begin PBXBuildFile section */
		C10A7C0AC6715FC1B62C08FF /* Pods_NiconicoPresentation.framework in Frameworks */ = {isa = PBXBuildFile; fileRef = 8342EA77D1DB95F097706FD2 /* Pods_NiconicoPresentation.framework */; };
		CE4CA4021AA9FB4C00A97F67 /* AppDelegate.m in Sources */ = {isa = PBXBuildFile; fileRef = CE4CA4011AA9FB4C00A97F67 /* AppDelegate.m */; };
		CE4CA4041AA9FB4C00A97F67 /* main.m in Sources */ = {isa = PBXBuildFile; fileRef = CE4CA4031AA9FB4C00A97F67 /* main.m */; };
		CE4CA4091AA9FB4C00A97F67 /* MainMenu.xib in Resources */ = {isa = PBXBuildFile; fileRef = CE4CA4071AA9FB4C00A97F67 /* MainMenu.xib */; };
		CE4CA4151AA9FB4C00A97F67 /* NiconicoPresentationTests.m in Sources */ = {isa = PBXBuildFile; fileRef = CE4CA4141AA9FB4C00A97F67 /* NiconicoPresentationTests.m */; };
		CE4CA41F1AA9FC3400A97F67 /* QuartzCore.framework in Frameworks */ = {isa = PBXBuildFile; fileRef = CE4CA41E1AA9FC3400A97F67 /* QuartzCore.framework */; };
		CE4CA4241AAA6F5D00A97F67 /* NS(Attributed)String+Geometrics.m in Sources */ = {isa = PBXBuildFile; fileRef = CE4CA4231AAA6F5D00A97F67 /* NS(Attributed)String+Geometrics.m */; };
		CE4CA4C51AAB0FFF00A97F67 /* SocketIO.m in Sources */ = {isa = PBXBuildFile; fileRef = CE4CA4B91AAB0FFF00A97F67 /* SocketIO.m */; };
		CE4CA4C61AAB0FFF00A97F67 /* SocketIOJSONSerialization.m in Sources */ = {isa = PBXBuildFile; fileRef = CE4CA4BB1AAB0FFF00A97F67 /* SocketIOJSONSerialization.m */; };
		CE4CA4C71AAB0FFF00A97F67 /* SocketIOPacket.m in Sources */ = {isa = PBXBuildFile; fileRef = CE4CA4BD1AAB0FFF00A97F67 /* SocketIOPacket.m */; };
		CE4CA4C81AAB0FFF00A97F67 /* SocketIOTransportWebsocket.m in Sources */ = {isa = PBXBuildFile; fileRef = CE4CA4C01AAB0FFF00A97F67 /* SocketIOTransportWebsocket.m */; };
		CE4CA4C91AAB0FFF00A97F67 /* SocketIOTransportXHR.m in Sources */ = {isa = PBXBuildFile; fileRef = CE4CA4C21AAB0FFF00A97F67 /* SocketIOTransportXHR.m */; };
		CE4CA4D01AABE52000A97F67 /* Images.xcassets in Resources */ = {isa = PBXBuildFile; fileRef = CE4CA4CF1AABE52000A97F67 /* Images.xcassets */; };
/* End PBXBuildFile section */

/* Begin PBXContainerItemProxy section */
		CE4CA40F1AA9FB4C00A97F67 /* PBXContainerItemProxy */ = {
			isa = PBXContainerItemProxy;
			containerPortal = CE4CA3F31AA9FB4C00A97F67 /* Project object */;
			proxyType = 1;
			remoteGlobalIDString = CE4CA3FA1AA9FB4C00A97F67;
			remoteInfo = NiconicoPresentation;
		};
/* End PBXContainerItemProxy section */

/* Begin PBXFileReference section */
		701EFBE1F8B2DE2616D12340 /* Pods-NiconicoPresentation.debug.xcconfig */ = {isa = PBXFileReference; includeInIndex = 1; lastKnownFileType = text.xcconfig; name = "Pods-NiconicoPresentation.debug.xcconfig"; path = "Pods/Target Support Files/Pods-NiconicoPresentation/Pods-NiconicoPresentation.debug.xcconfig"; sourceTree = "<group>"; };
		8342EA77D1DB95F097706FD2 /* Pods_NiconicoPresentation.framework */ = {isa = PBXFileReference; explicitFileType = wrapper.framework; includeInIndex = 0; path = Pods_NiconicoPresentation.framework; sourceTree = BUILT_PRODUCTS_DIR; };
		968745DB4F8B65FBAD67D6B3 /* Pods-NiconicoPresentation.release.xcconfig */ = {isa = PBXFileReference; includeInIndex = 1; lastKnownFileType = text.xcconfig; name = "Pods-NiconicoPresentation.release.xcconfig"; path = "Pods/Target Support Files/Pods-NiconicoPresentation/Pods-NiconicoPresentation.release.xcconfig"; sourceTree = "<group>"; };
		CE4CA3FB1AA9FB4C00A97F67 /* NiconicoPresentation.app */ = {isa = PBXFileReference; explicitFileType = wrapper.application; includeInIndex = 0; path = NiconicoPresentation.app; sourceTree = BUILT_PRODUCTS_DIR; };
		CE4CA3FF1AA9FB4C00A97F67 /* Info.plist */ = {isa = PBXFileReference; lastKnownFileType = text.plist.xml; path = Info.plist; sourceTree = "<group>"; };
		CE4CA4001AA9FB4C00A97F67 /* AppDelegate.h */ = {isa = PBXFileReference; lastKnownFileType = sourcecode.c.h; path = AppDelegate.h; sourceTree = "<group>"; };
		CE4CA4011AA9FB4C00A97F67 /* AppDelegate.m */ = {isa = PBXFileReference; lastKnownFileType = sourcecode.c.objc; path = AppDelegate.m; sourceTree = "<group>"; };
		CE4CA4031AA9FB4C00A97F67 /* main.m */ = {isa = PBXFileReference; lastKnownFileType = sourcecode.c.objc; path = main.m; sourceTree = "<group>"; };
		CE4CA4081AA9FB4C00A97F67 /* Base */ = {isa = PBXFileReference; lastKnownFileType = file.xib; name = Base; path = Base.lproj/MainMenu.xib; sourceTree = "<group>"; };
		CE4CA40E1AA9FB4C00A97F67 /* NiconicoPresentationTests.xctest */ = {isa = PBXFileReference; explicitFileType = wrapper.cfbundle; includeInIndex = 0; path = NiconicoPresentationTests.xctest; sourceTree = BUILT_PRODUCTS_DIR; };
		CE4CA4131AA9FB4C00A97F67 /* Info.plist */ = {isa = PBXFileReference; lastKnownFileType = text.plist.xml; path = Info.plist; sourceTree = "<group>"; };
		CE4CA4141AA9FB4C00A97F67 /* NiconicoPresentationTests.m */ = {isa = PBXFileReference; lastKnownFileType = sourcecode.c.objc; path = NiconicoPresentationTests.m; sourceTree = "<group>"; };
		CE4CA41E1AA9FC3400A97F67 /* QuartzCore.framework */ = {isa = PBXFileReference; lastKnownFileType = wrapper.framework; name = QuartzCore.framework; path = System/Library/Frameworks/QuartzCore.framework; sourceTree = SDKROOT; };
		CE4CA4221AAA6F5D00A97F67 /* NS(Attributed)String+Geometrics.h */ = {isa = PBXFileReference; fileEncoding = 4; lastKnownFileType = sourcecode.c.h; path = "NS(Attributed)String+Geometrics.h"; sourceTree = "<group>"; };
		CE4CA4231AAA6F5D00A97F67 /* NS(Attributed)String+Geometrics.m */ = {isa = PBXFileReference; fileEncoding = 4; lastKnownFileType = sourcecode.c.objc; path = "NS(Attributed)String+Geometrics.m"; sourceTree = "<group>"; };
		CE4CA4B81AAB0FFF00A97F67 /* SocketIO.h */ = {isa = PBXFileReference; fileEncoding = 4; lastKnownFileType = sourcecode.c.h; path = SocketIO.h; sourceTree = "<group>"; };
		CE4CA4B91AAB0FFF00A97F67 /* SocketIO.m */ = {isa = PBXFileReference; fileEncoding = 4; lastKnownFileType = sourcecode.c.objc; path = SocketIO.m; sourceTree = "<group>"; };
		CE4CA4BA1AAB0FFF00A97F67 /* SocketIOJSONSerialization.h */ = {isa = PBXFileReference; fileEncoding = 4; lastKnownFileType = sourcecode.c.h; path = SocketIOJSONSerialization.h; sourceTree = "<group>"; };
		CE4CA4BB1AAB0FFF00A97F67 /* SocketIOJSONSerialization.m */ = {isa = PBXFileReference; fileEncoding = 4; lastKnownFileType = sourcecode.c.objc; path = SocketIOJSONSerialization.m; sourceTree = "<group>"; };
		CE4CA4BC1AAB0FFF00A97F67 /* SocketIOPacket.h */ = {isa = PBXFileReference; fileEncoding = 4; lastKnownFileType = sourcecode.c.h; path = SocketIOPacket.h; sourceTree = "<group>"; };
		CE4CA4BD1AAB0FFF00A97F67 /* SocketIOPacket.m */ = {isa = PBXFileReference; fileEncoding = 4; lastKnownFileType = sourcecode.c.objc; path = SocketIOPacket.m; sourceTree = "<group>"; };
		CE4CA4BE1AAB0FFF00A97F67 /* SocketIOTransport.h */ = {isa = PBXFileReference; fileEncoding = 4; lastKnownFileType = sourcecode.c.h; path = SocketIOTransport.h; sourceTree = "<group>"; };
		CE4CA4BF1AAB0FFF00A97F67 /* SocketIOTransportWebsocket.h */ = {isa = PBXFileReference; fileEncoding = 4; lastKnownFileType = sourcecode.c.h; path = SocketIOTransportWebsocket.h; sourceTree = "<group>"; };
		CE4CA4C01AAB0FFF00A97F67 /* SocketIOTransportWebsocket.m */ = {isa = PBXFileReference; fileEncoding = 4; lastKnownFileType = sourcecode.c.objc; path = SocketIOTransportWebsocket.m; sourceTree = "<group>"; };
		CE4CA4C11AAB0FFF00A97F67 /* SocketIOTransportXHR.h */ = {isa = PBXFileReference; fileEncoding = 4; lastKnownFileType = sourcecode.c.h; path = SocketIOTransportXHR.h; sourceTree = "<group>"; };
		CE4CA4C21AAB0FFF00A97F67 /* SocketIOTransportXHR.m */ = {isa = PBXFileReference; fileEncoding = 4; lastKnownFileType = sourcecode.c.objc; path = SocketIOTransportXHR.m; sourceTree = "<group>"; };
		CE4CA4CF1AABE52000A97F67 /* Images.xcassets */ = {isa = PBXFileReference; lastKnownFileType = folder.assetcatalog; path = Images.xcassets; sourceTree = "<group>"; };
/* End PBXFileReference section */

/* Begin PBXFrameworksBuildPhase section */
		CE4CA3F81AA9FB4C00A97F67 /* Frameworks */ = {
			isa = PBXFrameworksBuildPhase;
			buildActionMask = 2147483647;
			files = (
				CE4CA41F1AA9FC3400A97F67 /* QuartzCore.framework in Frameworks */,
				C10A7C0AC6715FC1B62C08FF /* Pods_NiconicoPresentation.framework in Frameworks */,
			);
			runOnlyForDeploymentPostprocessing = 0;
		};
		CE4CA40B1AA9FB4C00A97F67 /* Frameworks */ = {
			isa = PBXFrameworksBuildPhase;
			buildActionMask = 2147483647;
			files = (
			);
			runOnlyForDeploymentPostprocessing = 0;
		};
/* End PBXFrameworksBuildPhase section */

/* Begin PBXGroup section */
		19F124A8F5969FF61746E3F7 /* Pods */ = {
			isa = PBXGroup;
			children = (
				701EFBE1F8B2DE2616D12340 /* Pods-NiconicoPresentation.debug.xcconfig */,
				968745DB4F8B65FBAD67D6B3 /* Pods-NiconicoPresentation.release.xcconfig */,
			);
			name = Pods;
			sourceTree = "<group>";
		};
		CE4CA3F21AA9FB4C00A97F67 = {
			isa = PBXGroup;
			children = (
				CE4CA3FD1AA9FB4C00A97F67 /* NiconicoPresentation */,
				CE4CA4111AA9FB4C00A97F67 /* NiconicoPresentationTests */,
				CE4CA4A81AAB027F00A97F67 /* Frameworks */,
				CE4CA4251AAB024C00A97F67 /* Vendor */,
				CE4CA3FC1AA9FB4C00A97F67 /* Products */,
				19F124A8F5969FF61746E3F7 /* Pods */,
			);
			sourceTree = "<group>";
		};
		CE4CA3FC1AA9FB4C00A97F67 /* Products */ = {
			isa = PBXGroup;
			children = (
				CE4CA3FB1AA9FB4C00A97F67 /* NiconicoPresentation.app */,
				CE4CA40E1AA9FB4C00A97F67 /* NiconicoPresentationTests.xctest */,
			);
			name = Products;
			sourceTree = "<group>";
		};
		CE4CA3FD1AA9FB4C00A97F67 /* NiconicoPresentation */ = {
			isa = PBXGroup;
			children = (
				CE4CA4001AA9FB4C00A97F67 /* AppDelegate.h */,
				CE4CA4011AA9FB4C00A97F67 /* AppDelegate.m */,
				CE4CA4071AA9FB4C00A97F67 /* MainMenu.xib */,
				CE4CA4CF1AABE52000A97F67 /* Images.xcassets */,
				CE4CA3FE1AA9FB4C00A97F67 /* Supporting Files */,
				CE4CA4221AAA6F5D00A97F67 /* NS(Attributed)String+Geometrics.h */,
				CE4CA4231AAA6F5D00A97F67 /* NS(Attributed)String+Geometrics.m */,
			);
			path = NiconicoPresentation;
			sourceTree = "<group>";
		};
		CE4CA3FE1AA9FB4C00A97F67 /* Supporting Files */ = {
			isa = PBXGroup;
			children = (
				CE4CA3FF1AA9FB4C00A97F67 /* Info.plist */,
				CE4CA4031AA9FB4C00A97F67 /* main.m */,
			);
			name = "Supporting Files";
			sourceTree = "<group>";
		};
		CE4CA4111AA9FB4C00A97F67 /* NiconicoPresentationTests */ = {
			isa = PBXGroup;
			children = (
				CE4CA4141AA9FB4C00A97F67 /* NiconicoPresentationTests.m */,
				CE4CA4121AA9FB4C00A97F67 /* Supporting Files */,
			);
			path = NiconicoPresentationTests;
			sourceTree = "<group>";
		};
		CE4CA4121AA9FB4C00A97F67 /* Supporting Files */ = {
			isa = PBXGroup;
			children = (
				CE4CA4131AA9FB4C00A97F67 /* Info.plist */,
			);
			name = "Supporting Files";
			sourceTree = "<group>";
		};
		CE4CA4251AAB024C00A97F67 /* Vendor */ = {
			isa = PBXGroup;
			children = (
				CE4CA4B51AAB0FFF00A97F67 /* socket.IO-objc */,
			);
			path = Vendor;
			sourceTree = "<group>";
		};
		CE4CA4A81AAB027F00A97F67 /* Frameworks */ = {
			isa = PBXGroup;
			children = (
				CE4CA41E1AA9FC3400A97F67 /* QuartzCore.framework */,
				8342EA77D1DB95F097706FD2 /* Pods_NiconicoPresentation.framework */,
			);
			name = Frameworks;
			sourceTree = "<group>";
		};
		CE4CA4B51AAB0FFF00A97F67 /* socket.IO-objc */ = {
			isa = PBXGroup;
			children = (
				CE4CA4B81AAB0FFF00A97F67 /* SocketIO.h */,
				CE4CA4B91AAB0FFF00A97F67 /* SocketIO.m */,
				CE4CA4BA1AAB0FFF00A97F67 /* SocketIOJSONSerialization.h */,
				CE4CA4BB1AAB0FFF00A97F67 /* SocketIOJSONSerialization.m */,
				CE4CA4BC1AAB0FFF00A97F67 /* SocketIOPacket.h */,
				CE4CA4BD1AAB0FFF00A97F67 /* SocketIOPacket.m */,
				CE4CA4BE1AAB0FFF00A97F67 /* SocketIOTransport.h */,
				CE4CA4BF1AAB0FFF00A97F67 /* SocketIOTransportWebsocket.h */,
				CE4CA4C01AAB0FFF00A97F67 /* SocketIOTransportWebsocket.m */,
				CE4CA4C11AAB0FFF00A97F67 /* SocketIOTransportXHR.h */,
				CE4CA4C21AAB0FFF00A97F67 /* SocketIOTransportXHR.m */,
			);
			path = "socket.IO-objc";
			sourceTree = "<group>";
		};
/* End PBXGroup section */

/* Begin PBXNativeTarget section */
		CE4CA3FA1AA9FB4C00A97F67 /* NiconicoPresentation */ = {
			isa = PBXNativeTarget;
			buildConfigurationList = CE4CA4181AA9FB4C00A97F67 /* Build configuration list for PBXNativeTarget "NiconicoPresentation" */;
			buildPhases = (
				A639B689B5BA7274D482DE1B /* [CP] Check Pods Manifest.lock */,
				CE4CA3F71AA9FB4C00A97F67 /* Sources */,
				CE4CA3F81AA9FB4C00A97F67 /* Frameworks */,
				CE4CA3F91AA9FB4C00A97F67 /* Resources */,
				02356622D4F3699CFC8FAE39 /* [CP] Embed Pods Frameworks */,
				1EAB3CF58B8051071E223E02 /* [CP] Copy Pods Resources */,
			);
			buildRules = (
			);
			dependencies = (
			);
			name = NiconicoPresentation;
			productName = NiconicoPresentation;
			productReference = CE4CA3FB1AA9FB4C00A97F67 /* NiconicoPresentation.app */;
			productType = "com.apple.product-type.application";
		};
		CE4CA40D1AA9FB4C00A97F67 /* NiconicoPresentationTests */ = {
			isa = PBXNativeTarget;
			buildConfigurationList = CE4CA41B1AA9FB4C00A97F67 /* Build configuration list for PBXNativeTarget "NiconicoPresentationTests" */;
			buildPhases = (
				CE4CA40A1AA9FB4C00A97F67 /* Sources */,
				CE4CA40B1AA9FB4C00A97F67 /* Frameworks */,
				CE4CA40C1AA9FB4C00A97F67 /* Resources */,
			);
			buildRules = (
			);
			dependencies = (
				CE4CA4101AA9FB4C00A97F67 /* PBXTargetDependency */,
			);
			name = NiconicoPresentationTests;
			productName = NiconicoPresentationTests;
			productReference = CE4CA40E1AA9FB4C00A97F67 /* NiconicoPresentationTests.xctest */;
			productType = "com.apple.product-type.bundle.unit-test";
		};
/* End PBXNativeTarget section */

/* Begin PBXProject section */
		CE4CA3F31AA9FB4C00A97F67 /* Project object */ = {
			isa = PBXProject;
			attributes = {
				LastUpgradeCheck = 0610;
				ORGANIZATIONNAME = "UQ Times";
				TargetAttributes = {
					CE4CA3FA1AA9FB4C00A97F67 = {
						CreatedOnToolsVersion = 6.1.1;
					};
					CE4CA40D1AA9FB4C00A97F67 = {
						CreatedOnToolsVersion = 6.1.1;
						TestTargetID = CE4CA3FA1AA9FB4C00A97F67;
					};
				};
			};
			buildConfigurationList = CE4CA3F61AA9FB4C00A97F67 /* Build configuration list for PBXProject "NiconicoPresentation" */;
			compatibilityVersion = "Xcode 3.2";
			developmentRegion = English;
			hasScannedForEncodings = 0;
			knownRegions = (
				en,
				Base,
			);
			mainGroup = CE4CA3F21AA9FB4C00A97F67;
			productRefGroup = CE4CA3FC1AA9FB4C00A97F67 /* Products */;
			projectDirPath = "";
			projectRoot = "";
			targets = (
				CE4CA3FA1AA9FB4C00A97F67 /* NiconicoPresentation */,
				CE4CA40D1AA9FB4C00A97F67 /* NiconicoPresentationTests */,
			);
		};
/* End PBXProject section */

/* Begin PBXResourcesBuildPhase section */
		CE4CA3F91AA9FB4C00A97F67 /* Resources */ = {
			isa = PBXResourcesBuildPhase;
			buildActionMask = 2147483647;
			files = (
				CE4CA4091AA9FB4C00A97F67 /* MainMenu.xib in Resources */,
				CE4CA4D01AABE52000A97F67 /* Images.xcassets in Resources */,
			);
			runOnlyForDeploymentPostprocessing = 0;
		};
		CE4CA40C1AA9FB4C00A97F67 /* Resources */ = {
			isa = PBXResourcesBuildPhase;
			buildActionMask = 2147483647;
			files = (
			);
			runOnlyForDeploymentPostprocessing = 0;
		};
/* End PBXResourcesBuildPhase section */

/* Begin PBXShellScriptBuildPhase section */
		02356622D4F3699CFC8FAE39 /* [CP] Embed Pods Frameworks */ = {
			isa = PBXShellScriptBuildPhase;
			buildActionMask = 2147483647;
			files = (
			);
			inputPaths = (
				"${SRCROOT}/Pods/Target Support Files/Pods-NiconicoPresentation/Pods-NiconicoPresentation-frameworks.sh",
				"${BUILT_PRODUCTS_DIR}/AFNetworking/AFNetworking.framework",
				"${BUILT_PRODUCTS_DIR}/SocketRocket/SocketRocket.framework",
			);
			name = "[CP] Embed Pods Frameworks";
			outputPaths = (
				"${TARGET_BUILD_DIR}/${FRAMEWORKS_FOLDER_PATH}/AFNetworking.framework",
				"${TARGET_BUILD_DIR}/${FRAMEWORKS_FOLDER_PATH}/SocketRocket.framework",
			);
			runOnlyForDeploymentPostprocessing = 0;
			shellPath = /bin/sh;
			shellScript = "\"${SRCROOT}/Pods/Target Support Files/Pods-NiconicoPresentation/Pods-NiconicoPresentation-frameworks.sh\"\n";
			showEnvVarsInLog = 0;
		};
		1EAB3CF58B8051071E223E02 /* [CP] Copy Pods Resources */ = {
			isa = PBXShellScriptBuildPhase;
			buildActionMask = 2147483647;
			files = (
			);
			inputPaths = (
			);
			name = "[CP] Copy Pods Resources";
			outputPaths = (
			);
			runOnlyForDeploymentPostprocessing = 0;
			shellPath = /bin/sh;
			shellScript = "\"${SRCROOT}/Pods/Target Support Files/Pods-NiconicoPresentation/Pods-NiconicoPresentation-resources.sh\"\n";
			showEnvVarsInLog = 0;
		};
		A639B689B5BA7274D482DE1B /* [CP] Check Pods Manifest.lock */ = {
			isa = PBXShellScriptBuildPhase;
			buildActionMask = 2147483647;
			files = (
			);
			inputPaths = (
				"${PODS_PODFILE_DIR_PATH}/Podfile.lock",
				"${PODS_ROOT}/Manifest.lock",
			);
			name = "[CP] Check Pods Manifest.lock";
			outputPaths = (
				"$(DERIVED_FILE_DIR)/Pods-NiconicoPresentation-checkManifestLockResult.txt",
			);
			runOnlyForDeploymentPostprocessing = 0;
			shellPath = /bin/sh;
			shellScript = "diff \"${PODS_PODFILE_DIR_PATH}/Podfile.lock\" \"${PODS_ROOT}/Manifest.lock\" > /dev/null\nif [ $? != 0 ] ; then\n    # print error to STDERR\n    echo \"error: The sandbox is not in sync with the Podfile.lock. Run 'pod install' or update your CocoaPods installation.\" >&2\n    exit 1\nfi\n# This output is used by Xcode 'outputs' to avoid re-running this script phase.\necho \"SUCCESS\" > \"${SCRIPT_OUTPUT_FILE_0}\"\n";
			showEnvVarsInLog = 0;
		};
/* End PBXShellScriptBuildPhase section */

/* Begin PBXSourcesBuildPhase section */
		CE4CA3F71AA9FB4C00A97F67 /* Sources */ = {
			isa = PBXSourcesBuildPhase;
			buildActionMask = 2147483647;
			files = (
				CE4CA4041AA9FB4C00A97F67 /* main.m in Sources */,
				CE4CA4C91AAB0FFF00A97F67 /* SocketIOTransportXHR.m in Sources */,
				CE4CA4C81AAB0FFF00A97F67 /* SocketIOTransportWebsocket.m in Sources */,
				CE4CA4241AAA6F5D00A97F67 /* NS(Attributed)String+Geometrics.m in Sources */,
				CE4CA4C71AAB0FFF00A97F67 /* SocketIOPacket.m in Sources */,
				CE4CA4C61AAB0FFF00A97F67 /* SocketIOJSONSerialization.m in Sources */,
				CE4CA4C51AAB0FFF00A97F67 /* SocketIO.m in Sources */,
				CE4CA4021AA9FB4C00A97F67 /* AppDelegate.m in Sources */,
			);
			runOnlyForDeploymentPostprocessing = 0;
		};
		CE4CA40A1AA9FB4C00A97F67 /* Sources */ = {
			isa = PBXSourcesBuildPhase;
			buildActionMask = 2147483647;
			files = (
				CE4CA4151AA9FB4C00A97F67 /* NiconicoPresentationTests.m in Sources */,
			);
			runOnlyForDeploymentPostprocessing = 0;
		};
/* End PBXSourcesBuildPhase section */

/* Begin PBXTargetDependency section */
		CE4CA4101AA9FB4C00A97F67 /* PBXTargetDependency */ = {
			isa = PBXTargetDependency;
			target = CE4CA3FA1AA9FB4C00A97F67 /* NiconicoPresentation */;
			targetProxy = CE4CA40F1AA9FB4C00A97F67 /* PBXContainerItemProxy */;
		};
/* End PBXTargetDependency section */

/* Begin PBXVariantGroup section */
		CE4CA4071AA9FB4C00A97F67 /* MainMenu.xib */ = {
			isa = PBXVariantGroup;
			children = (
				CE4CA4081AA9FB4C00A97F67 /* Base */,
			);
			name = MainMenu.xib;
			sourceTree = "<group>";
		};
/* End PBXVariantGroup section */

/* Begin XCBuildConfiguration section */
		CE4CA4161AA9FB4C00A97F67 /* Debug */ = {
			isa = XCBuildConfiguration;
			buildSettings = {
				ALWAYS_SEARCH_USER_PATHS = NO;
				CLANG_CXX_LANGUAGE_STANDARD = "gnu++0x";
				CLANG_CXX_LIBRARY = "libc++";
				CLANG_ENABLE_MODULES = YES;
				CLANG_ENABLE_OBJC_ARC = YES;
				CLANG_WARN_BOOL_CONVERSION = YES;
				CLANG_WARN_CONSTANT_CONVERSION = YES;
				CLANG_WARN_DIRECT_OBJC_ISA_USAGE = YES_ERROR;
				CLANG_WARN_EMPTY_BODY = YES;
				CLANG_WARN_ENUM_CONVERSION = YES;
				CLANG_WARN_INT_CONVERSION = YES;
				CLANG_WARN_OBJC_ROOT_CLASS = YES_ERROR;
				CLANG_WARN_UNREACHABLE_CODE = YES;
				CLANG_WARN__DUPLICATE_METHOD_MATCH = YES;
				CODE_SIGN_IDENTITY = "";
				COPY_PHASE_STRIP = NO;
				ENABLE_STRICT_OBJC_MSGSEND = YES;
				GCC_C_LANGUAGE_STANDARD = gnu99;
				GCC_DYNAMIC_NO_PIC = NO;
				GCC_OPTIMIZATION_LEVEL = 0;
				GCC_PREPROCESSOR_DEFINITIONS = (
					"DEBUG=1",
					"$(inherited)",
				);
				GCC_SYMBOLS_PRIVATE_EXTERN = NO;
				GCC_WARN_64_TO_32_BIT_CONVERSION = YES;
				GCC_WARN_ABOUT_RETURN_TYPE = YES_ERROR;
				GCC_WARN_UNDECLARED_SELECTOR = YES;
				GCC_WARN_UNINITIALIZED_AUTOS = YES_AGGRESSIVE;
				GCC_WARN_UNUSED_FUNCTION = YES;
				GCC_WARN_UNUSED_VARIABLE = YES;
				MACOSX_DEPLOYMENT_TARGET = 10.10;
				MTL_ENABLE_DEBUG_INFO = YES;
				ONLY_ACTIVE_ARCH = YES;
				SDKROOT = macosx;
			};
			name = Debug;
		};
		CE4CA4171AA9FB4C00A97F67 /* Release */ = {
			isa = XCBuildConfiguration;
			buildSettings = {
				ALWAYS_SEARCH_USER_PATHS = NO;
				CLANG_CXX_LANGUAGE_STANDARD = "gnu++0x";
				CLANG_CXX_LIBRARY = "libc++";
				CLANG_ENABLE_MODULES = YES;
				CLANG_ENABLE_OBJC_ARC = YES;
				CLANG_WARN_BOOL_CONVERSION = YES;
				CLANG_WARN_CONSTANT_CONVERSION = YES;
				CLANG_WARN_DIRECT_OBJC_ISA_USAGE = YES_ERROR;
				CLANG_WARN_EMPTY_BODY = YES;
				CLANG_WARN_ENUM_CONVERSION = YES;
				CLANG_WARN_INT_CONVERSION = YES;
				CLANG_WARN_OBJC_ROOT_CLASS = YES_ERROR;
				CLANG_WARN_UNREACHABLE_CODE = YES;
				CLANG_WARN__DUPLICATE_METHOD_MATCH = YES;
				CODE_SIGN_IDENTITY = "";
				COPY_PHASE_STRIP = YES;
				DEBUG_INFORMATION_FORMAT = "dwarf-with-dsym";
				ENABLE_NS_ASSERTIONS = NO;
				ENABLE_STRICT_OBJC_MSGSEND = YES;
				GCC_C_LANGUAGE_STANDARD = gnu99;
				GCC_WARN_64_TO_32_BIT_CONVERSION = YES;
				GCC_WARN_ABOUT_RETURN_TYPE = YES_ERROR;
				GCC_WARN_UNDECLARED_SELECTOR = YES;
				GCC_WARN_UNINITIALIZED_AUTOS = YES_AGGRESSIVE;
				GCC_WARN_UNUSED_FUNCTION = YES;
				GCC_WARN_UNUSED_VARIABLE = YES;
				MACOSX_DEPLOYMENT_TARGET = 10.10;
				MTL_ENABLE_DEBUG_INFO = NO;
				SDKROOT = macosx;
			};
			name = Release;
		};
		CE4CA4191AA9FB4C00A97F67 /* Debug */ = {
			isa = XCBuildConfiguration;
			baseConfigurationReference = 701EFBE1F8B2DE2616D12340 /* Pods-NiconicoPresentation.debug.xcconfig */;
			buildSettings = {
				ASSETCATALOG_COMPILER_APPICON_NAME = AppIcon;
				COMBINE_HIDPI_IMAGES = YES;
				INFOPLIST_FILE = NiconicoPresentation/Info.plist;
				LD_RUNPATH_SEARCH_PATHS = "$(inherited) @executable_path/../Frameworks";
				PRODUCT_NAME = "$(TARGET_NAME)";
			};
			name = Debug;
		};
		CE4CA41A1AA9FB4C00A97F67 /* Release */ = {
			isa = XCBuildConfiguration;
			baseConfigurationReference = 968745DB4F8B65FBAD67D6B3 /* Pods-NiconicoPresentation.release.xcconfig */;
			buildSettings = {
				ASSETCATALOG_COMPILER_APPICON_NAME = AppIcon;
				COMBINE_HIDPI_IMAGES = YES;
				INFOPLIST_FILE = NiconicoPresentation/Info.plist;
				LD_RUNPATH_SEARCH_PATHS = "$(inherited) @executable_path/../Frameworks";
				PRODUCT_NAME = "$(TARGET_NAME)";
			};
			name = Release;
		};
		CE4CA41C1AA9FB4C00A97F67 /* Debug */ = {
			isa = XCBuildConfiguration;
			buildSettings = {
				BUNDLE_LOADER = "$(TEST_HOST)";
				COMBINE_HIDPI_IMAGES = YES;
				FRAMEWORK_SEARCH_PATHS = (
					"$(DEVELOPER_FRAMEWORKS_DIR)",
					"$(inherited)",
				);
				GCC_PREPROCESSOR_DEFINITIONS = (
					"DEBUG=1",
					"$(inherited)",
				);
				INFOPLIST_FILE = NiconicoPresentationTests/Info.plist;
				LD_RUNPATH_SEARCH_PATHS = "$(inherited) @executable_path/../Frameworks @loader_path/../Frameworks";
				PRODUCT_NAME = "$(TARGET_NAME)";
				TEST_HOST = "$(BUILT_PRODUCTS_DIR)/NiconicoPresentation.app/Contents/MacOS/NiconicoPresentation";
			};
			name = Debug;
		};
		CE4CA41D1AA9FB4C00A97F67 /* Release */ = {
			isa = XCBuildConfiguration;
			buildSettings = {
				BUNDLE_LOADER = "$(TEST_HOST)";
				COMBINE_HIDPI_IMAGES = YES;
				FRAMEWORK_SEARCH_PATHS = (
					"$(DEVELOPER_FRAMEWORKS_DIR)",
					"$(inherited)",
				);
				INFOPLIST_FILE = NiconicoPresentationTests/Info.plist;
				LD_RUNPATH_SEARCH_PATHS = "$(inherited) @executable_path/../Frameworks @loader_path/../Frameworks";
				PRODUCT_NAME = "$(TARGET_NAME)";
				TEST_HOST = "$(BUILT_PRODUCTS_DIR)/NiconicoPresentation.app/Contents/MacOS/NiconicoPresentation";
			};
			name = Release;
		};
/* End XCBuildConfiguration section */

/* Begin XCConfigurationList section */
		CE4CA3F61AA9FB4C00A97F67 /* Build configuration list for PBXProject "NiconicoPresentation" */ = {
			isa = XCConfigurationList;
			buildConfigurations = (
				CE4CA4161AA9FB4C00A97F67 /* Debug */,
				CE4CA4171AA9FB4C00A97F67 /* Release */,
			);
			defaultConfigurationIsVisible = 0;
			defaultConfigurationName = Release;
		};
		CE4CA4181AA9FB4C00A97F67 /* Build configuration list for PBXNativeTarget "NiconicoPresentation" */ = {
			isa = XCConfigurationList;
			buildConfigurations = (
				CE4CA4191AA9FB4C00A97F67 /* Debug */,
				CE4CA41A1AA9FB4C00A97F67 /* Release */,
			);
			defaultConfigurationIsVisible = 0;
			defaultConfigurationName = Release;
		};
		CE4CA41B1AA9FB4C00A97F67 /* Build configuration list for PBXNativeTarget "NiconicoPresentationTests" */ = {
			isa = XCConfigurationList;
			buildConfigurations = (
				CE4CA41C1AA9FB4C00A97F67 /* Debug */,
				CE4CA41D1AA9FB4C00A97F67 /* Release */,
			);
			defaultConfigurationIsVisible = 0;
			defaultConfigurationName = Release;
		};
/* End XCConfigurationList section */
	};
	rootObject = CE4CA3F31AA9FB4C00A97F67 /* Project object */;
}
